
Microsoft Visual Studio Solution File, Format Version 12.00
# Visual Studio Version 17
VisualStudioVersion = 17.3.32929.385
MinimumVisualStudioVersion = 10.0.40219.1
Project("{9A19103F-16F7-4668-BE54-9A1E7A4F7556}") = "01_AI_Speech", "01_AI_Speech\01_AI_Speech.csproj", "{2908A08A-392A-4BF1-816F-71C38B62A251}"
EndProject
Project("{9A19103F-16F7-4668-BE54-9A1E7A4F7556}") = "02_AI_Speech_Translation", "02_AI_Speech_Translation\02_AI_Speech_Translation.csproj", "{BD1497C7-C037-487C-9E87-2B721619FBC5}"
EndProject
Project("{9A19103F-16F7-4668-BE54-9A1E7A4F7556}") = "03_Methods", "03_Methods\03_Methods.csproj", "{3326B681-ECA3-47AC-9012-C8C1A76928E7}"
EndProject
Project("{9A19103F-16F7-4668-BE54-9A1E7A4F7556}") = "03_Methods.Tests", "03_Methods.Tests\03_Methods.Tests.csproj", "{9774BF6A-908E-44B6-B194-9E0A128A9B92}"
EndProject
Project("{9A19103F-16F7-4668-BE54-9A1E7A4F7556}") = "04_LanguageService", "04_LanguageService\04_LanguageService.csproj", "{70071821-7D35-40F4-8528-C52AA10AA1DA}"
EndProject
Project("{9A19103F-16F7-4668-BE54-9A1E7A4F7556}") = "05_Namespaces", "05_Namespaces\05_Namespaces.csproj", "{570718D7-29A9-4A5A-B471-1B9642397F6F}"
EndProject
Project("{9A19103F-16F7-4668-BE54-9A1E7A4F7556}") = "05_Namespaces.Tests", "05_Namespaces.Tests\05_Namespaces.Tests.csproj", "{946FF846-B8E6-4378-A81F-C6A64230A602}"
EndProject
Project("{9A19103F-16F7-4668-BE54-9A1E7A4F7556}") = "06_Types", "06_Types\06_Types.csproj", "{D4690094-7497-431C-8FC4-C1F3F48215FA}"
EndProject
Project("{9A19103F-16F7-4668-BE54-9A1E7A4F7556}") = "06_Types.Tests", "06_Types.Tests\06_Types.Tests.csproj", "{8626AD79-CE18-4AF4-AB4F-A858A0E5EC2B}"
EndProject
Project("{9A19103F-16F7-4668-BE54-9A1E7A4F7556}") = "07_Nullability", "07_Nullability\07_Nullability.csproj", "{B5D97499-B021-4015-8695-10F9B6C66B79}"
EndProject
Project("{9A19103F-16F7-4668-BE54-9A1E7A4F7556}") = "07_Nullability.Tests", "07_Nullability.Tests\07_Nullability.Tests.csproj", "{A184AFC4-A234-45D3-8FCE-9CAFD445A1AB}"
EndProject
Project("{9A19103F-16F7-4668-BE54-9A1E7A4F7556}") = "08_Numbers", "08_Numbers\08_Numbers.csproj", "{E9291899-B52D-4A03-96DA-E066457D09FF}"
EndProject
Project("{9A19103F-16F7-4668-BE54-9A1E7A4F7556}") = "08_Numbers.Tests", "08_Numbers.Tests\08_Numbers.Tests.csproj", "{1354185C-743F-4D38-A780-19F64B9075AC}"
EndProject
Project("{9A19103F-16F7-4668-BE54-9A1E7A4F7556}") = "09_Initializers", "09_Initializers\09_Initializers.csproj", "{37764373-975F-4F72-83DB-9BDEF5A01911}"
EndProject
Project("{9A19103F-16F7-4668-BE54-9A1E7A4F7556}") = "09_Initializers.Tests", "09_Initializers.Tests\09_Initializers.Tests.csproj", "{C1BA25E9-644C-43B6-80E5-D7401BB2684E}"
EndProject
Project("{9A19103F-16F7-4668-BE54-9A1E7A4F7556}") = "10_Overloading", "10_Overloading\10_Overloading.csproj", "{17D022AA-5E57-4BBF-A22A-45F0DA9866AF}"
EndProject
Project("{9A19103F-16F7-4668-BE54-9A1E7A4F7556}") = "10_Overloading.Tests", "10_Overloading.Tests\10_Overloading.Tests.csproj", "{D7363A7D-3AEE-4518-BC8B-A6243780B657}"
EndProject
Project("{9A19103F-16F7-4668-BE54-9A1E7A4F7556}") = "11_Identity", "11_Identity\11_Identity.csproj", "{2F78D14E-E879-49F0-9EFC-7B5D125F1E4A}"
EndProject
Project("{9A19103F-16F7-4668-BE54-9A1E7A4F7556}") = "12_Overflow", "12_Overflow\12_Overflow.csproj", "{6613EC04-A501-4B28-BF4A-8BA405408253}"
EndProject
Project("{9A19103F-16F7-4668-BE54-9A1E7A4F7556}") = "12_Overflow.Tests", "12_Overflow.Tests\12_Overflow.Tests.csproj", "{815B1F00-498B-41C4-A8C8-507762556D71}"
EndProject
Project("{9A19103F-16F7-4668-BE54-9A1E7A4F7556}") = "13_Param", "13_Param\13_Param.csproj", "{7F785F3C-2C82-4995-9A7B-8EDCCC826EA4}"
EndProject
Project("{9A19103F-16F7-4668-BE54-9A1E7A4F7556}") = "13_Param.Tests", "13_Param.Tests\13_Param.Tests.csproj", "{F0A1B298-39D2-4843-AF86-673106E468D2}"
EndProject
Project("{9A19103F-16F7-4668-BE54-9A1E7A4F7556}") = "14_Properties", "14_Properties\14_Properties.csproj", "{7E209454-2FBD-400B-8F1D-8DDE84A34799}"
EndProject
Project("{9A19103F-16F7-4668-BE54-9A1E7A4F7556}") = "14_Properties.Tests", "14_Properties.Tests\14_Properties.Tests.csproj", "{616F183C-E6EC-4D24-BCA4-679093F6B3D6}"
EndProject
Project("{6EC3EE1D-3C4E-46DD-8F32-0CC8E7565705}") = "15_Bootstrap", "15_Bootstrap\15_Bootstrap.fsproj", "{D98AC78D-1877-4187-8D97-1A51817A3D91}"
EndProject
Project("{9A19103F-16F7-4668-BE54-9A1E7A4F7556}") = "16_Randomness", "16_Randomness\16_Randomness.csproj", "{733D82EA-1220-40C2-BBF3-76E52C4643E8}"
EndProject
Project("{9A19103F-16F7-4668-BE54-9A1E7A4F7556}") = "16_Randomness.Tests", "16_Randomness.Tests\16_Randomness.Tests.csproj", "{3F2A65FC-398A-48A2-9B0C-9E79E8E7074B}"
EndProject
Project("{9A19103F-16F7-4668-BE54-9A1E7A4F7556}") = "17_RegExpressions.Tests", "17_RegExpressions.Tests\17_RegExpressions.Tests.csproj", "{5D914058-3457-4F95-AC77-7A2EB13077D2}"
EndProject
Project("{9A19103F-16F7-4668-BE54-9A1E7A4F7556}") = "17_RegExpressions", "17_RegExpressions\17_RegExpressions.csproj", "{5B889A77-0CE7-41C9-8BB2-8629235E431B}"
EndProject
Project("{9A19103F-16F7-4668-BE54-9A1E7A4F7556}") = "18_ObjRelMapping", "18_ObjRelMapping\18_ObjRelMapping.csproj", "{D37C40A9-8398-45C8-8815-C83F5EF84B70}"
EndProject
Project("{9A19103F-16F7-4668-BE54-9A1E7A4F7556}") = "18_ObjRelMapping.Tests", "18_ObjRelMapping.Tests\18_ObjRelMapping.Tests.csproj", "{0D16AB04-7EE2-4947-A8DD-B7526AE0437F}"
EndProject
Project("{9A19103F-16F7-4668-BE54-9A1E7A4F7556}") = "19_ResourceLifeTime", "19_ResourceLifeTime\19_ResourceLifeTime.csproj", "{6B0AB1EF-3782-414A-9801-5E6655B89B8B}"
EndProject
Project("{9A19103F-16F7-4668-BE54-9A1E7A4F7556}") = "19_ResourceLifeTime.Tests", "19_ResourceLifeTime.Tests\19_ResourceLifeTime.Tests.csproj", "{5A094D91-7EF8-4344-821E-0504C7609382}"
EndProject
Project("{9A19103F-16F7-4668-BE54-9A1E7A4F7556}") = "20_TimeBot", "20_TimeBot\20_TimeBot.csproj", "{3B1C9DCD-DF87-4154-9B6C-9FFDCB7501AA}"
EndProject
Project("{9A19103F-16F7-4668-BE54-9A1E7A4F7556}") = "21_Strings", "21_Strings\21_Strings.csproj", "{4D45B150-F25E-47A7-92B2-9F193B8345D9}"
EndProject
Project("{9A19103F-16F7-4668-BE54-9A1E7A4F7556}") = "21_Strings.Tests", "21_Strings.Tests\21_Strings.Tests.csproj", "{C44EF2FF-071D-4FA0-B2FD-8CEE56B03729}"
EndProject
Project("{9A19103F-16F7-4668-BE54-9A1E7A4F7556}") = "22_Strings", "22_Strings\22_Strings.csproj", "{5FE56A12-0C03-45CC-96A7-25CCF6C16109}"
EndProject
Project("{9A19103F-16F7-4668-BE54-9A1E7A4F7556}") = "22_Strings.Tests", "22_Strings.Tests\22_Strings.Tests.csproj", "{D05E9D40-2239-4BCC-827E-515EBA5CD5E9}"
EndProject
Project("{9A19103F-16F7-4668-BE54-9A1E7A4F7556}") = "24_Structs", "24_Structs\24_Structs.csproj", "{D34BFAD0-64F4-482A-A84C-0F69D46976EC}"
EndProject
Project("{9A19103F-16F7-4668-BE54-9A1E7A4F7556}") = "24_Structs.Tests", "24_Structs.Tests\24_Structs.Tests.csproj", "{F7B82800-5531-4D0F-B291-1D981A63C849}"
EndProject
Project("{9A19103F-16F7-4668-BE54-9A1E7A4F7556}") = "25_Switch", "25_Switch\25_Switch.csproj", "{FEBE8B52-671B-416A-A570-A297103E99B9}"
EndProject
Project("{9A19103F-16F7-4668-BE54-9A1E7A4F7556}") = "25_Switch.Tests", "25_Switch.Tests\25_Switch.Tests.csproj", "{5B9A5156-5071-4AA7-B6A4-1A94734776F9}"
EndProject
Project("{9A19103F-16F7-4668-BE54-9A1E7A4F7556}") = "26_DateTime", "26_DateTime\26_DateTime.csproj", "{EA5DD220-0C26-46EA-89A5-1204699775C3}"
EndProject
Project("{9A19103F-16F7-4668-BE54-9A1E7A4F7556}") = "26_DateTime.Tests", "26_DateTime.Tests\26_DateTime.Tests.csproj", "{841F7EAA-8A03-4B2B-B3EF-6FDB489BE9F6}"
EndProject
Project("{9A19103F-16F7-4668-BE54-9A1E7A4F7556}") = "27_Tuples", "27_Tuples\27_Tuples.csproj", "{763C4071-D120-456B-834C-6EF4024DBD58}"
EndProject
Project("{9A19103F-16F7-4668-BE54-9A1E7A4F7556}") = "27_Tuples.Tests", "27_Tuples.Tests\27_Tuples.Tests.csproj", "{34647EF9-0FBD-4E61-81D5-C6B7C0526167}"
EndProject
Project("{9A19103F-16F7-4668-BE54-9A1E7A4F7556}") = "28_ComputerVision", "28_ComputerVision\28_ComputerVision.csproj", "{6F975276-D871-433A-9397-2479F36766E0}"
EndProject
Project("{9A19103F-16F7-4668-BE54-9A1E7A4F7556}") = "29_ExceptionFiltering", "29_ExceptionFiltering\29_ExceptionFiltering.csproj", "{56C85E19-019B-44BD-9B4F-BF3890DAA163}"
EndProject
Project("{9A19103F-16F7-4668-BE54-9A1E7A4F7556}") = "29_ExceptionFiltering.Tests", "29_ExceptionFiltering.Tests\29_ExceptionFiltering.Tests.csproj", "{ADF8C753-2BE2-4600-82B8-899016935351}"
EndProject
Project("{9A19103F-16F7-4668-BE54-9A1E7A4F7556}") = "31_ExtensionMethods", "31_ExtensionMethods\31_ExtensionMethods.csproj", "{97E4E961-6A4C-4453-A872-E1D595B6BAA2}"
EndProject
Project("{9A19103F-16F7-4668-BE54-9A1E7A4F7556}") = "31_ExtensionMethods.Tests", "31_ExtensionMethods.Tests\31_ExtensionMethods.Tests.csproj", "{9E88B888-722F-4E82-8D31-2A87A64919CD}"
EndProject
Project("{9A19103F-16F7-4668-BE54-9A1E7A4F7556}") = "32_ImageClassification", "32_ImageClassification\32_ImageClassification.csproj", "{9D1F8A87-7381-4DD2-8630-01761B031C76}"
EndProject
Project("{9A19103F-16F7-4668-BE54-9A1E7A4F7556}") = "33_TweFor", "33_TweFor\33_TweFor.csproj", "{1D7F7C38-699F-43BF-8FFD-F145ECE19C63}"
EndProject
Project("{9A19103F-16F7-4668-BE54-9A1E7A4F7556}") = "33_TweFor.Tests", "33_TweFor.Tests\33_TweFor.Tests.csproj", "{9D0423E8-A145-4282-9B9F-F13A4E0BCAB1}"
EndProject
Project("{9A19103F-16F7-4668-BE54-9A1E7A4F7556}") = "34_ImageDetection", "34_ImageDetection\34_ImageDetection.csproj", "{7F64BF28-CC01-4258-9677-C3BADEC53B8C}"
EndProject
Project("{9A19103F-16F7-4668-BE54-9A1E7A4F7556}") = "35_LeapYear", "35_LeapYear\35_LeapYear.csproj", "{8E05B4A1-9771-4A94-BE9B-EC53480C6630}"
EndProject
Project("{9A19103F-16F7-4668-BE54-9A1E7A4F7556}") = "35_LeapYear.Tests", "35_LeapYear.Tests\35_LeapYear.Tests.csproj", "{8933D12A-9F0A-4D18-A872-ECFAD2C44B03}"
EndProject
Project("{9A19103F-16F7-4668-BE54-9A1E7A4F7556}") = "36_GigaSecond", "36_GigaSecond\36_GigaSecond.csproj", "{26EFC886-7CEE-49D8-8E0B-2F3CC3D3063C}"
EndProject
Project("{9A19103F-16F7-4668-BE54-9A1E7A4F7556}") = "36_GigaSecond.Tests", "36_GigaSecond.Tests\36_GigaSecond.Tests.csproj", "{7AC17972-E903-493E-9402-3F0C8666F700}"
EndProject
Project("{9A19103F-16F7-4668-BE54-9A1E7A4F7556}") = "37_ResistorColor", "37_ResistorColor\37_ResistorColor.csproj", "{7EE5D8AD-34AE-49EC-ABC1-BF3EE3F06A7F}"
EndProject
Project("{9A19103F-16F7-4668-BE54-9A1E7A4F7556}") = "37_ResistorColor.Tests", "37_ResistorColor.Tests\37_ResistorColor.Tests.csproj", "{8F780E08-9959-4AD3-A1E3-675636A6AB7D}"
EndProject
Project("{9A19103F-16F7-4668-BE54-9A1E7A4F7556}") = "38_SpaceAge", "38_SpaceAge\38_SpaceAge.csproj", "{92959093-094F-4141-BC4C-6DC0D5821287}"
EndProject
Project("{9A19103F-16F7-4668-BE54-9A1E7A4F7556}") = "38_SpaceAge.Tests", "38_SpaceAge.Tests\38_SpaceAge.Tests.csproj", "{93EB6270-D091-427A-8475-F7F841080118}"
EndProject
Project("{9A19103F-16F7-4668-BE54-9A1E7A4F7556}") = "39_HighScores", "39_HighScores\39_HighScores.csproj", "{C8D034C7-4F24-427C-A37D-0D3A89024003}"
EndProject
Project("{9A19103F-16F7-4668-BE54-9A1E7A4F7556}") = "39_HighScores.Tests", "39_HighScores.Tests\39_HighScores.Tests.csproj", "{816B8040-F0DB-4240-BA6C-1ACB7868331A}"
EndProject
Project("{9A19103F-16F7-4668-BE54-9A1E7A4F7556}") = "40_Hamming", "40_Hamming\40_Hamming.csproj", "{1604EC11-9D15-4CBF-AEC4-B8682F7F882B}"
EndProject
Project("{9A19103F-16F7-4668-BE54-9A1E7A4F7556}") = "40_Hamming.Tests", "40_Hamming.Tests\40_Hamming.Tests.csproj", "{07BED6B9-6279-4A52-A963-890E12CFBCC9}"
EndProject
Project("{9A19103F-16F7-4668-BE54-9A1E7A4F7556}") = "41_Nucleotide", "41_Nucleotide\41_Nucleotide.csproj", "{8E46B650-CAEF-4217-8F26-2B479CB08BDB}"
EndProject
Project("{9A19103F-16F7-4668-BE54-9A1E7A4F7556}") = "41_Nucleotide.Tests", "41_Nucleotide.Tests\41_Nucleotide.Tests.csproj", "{6651F827-6828-499F-9213-B57B3423E445}"
EndProject
Project("{9A19103F-16F7-4668-BE54-9A1E7A4F7556}") = "42_RobotName", "42_RobotName\42_RobotName.csproj", "{7EB87C2C-9819-4D32-A0BC-E7F06051169E}"
EndProject
Project("{9A19103F-16F7-4668-BE54-9A1E7A4F7556}") = "42_RobotName.Tests", "42_RobotName.Tests\42_RobotName.Tests.csproj", "{1A9BE4C1-9694-40CF-B17D-F72410D01C7C}"
EndProject
Project("{9A19103F-16F7-4668-BE54-9A1E7A4F7556}") = "43_Allergies", "43_Allergies\43_Allergies.csproj", "{B9003837-7B1C-45CA-9EA4-4A99C8501787}"
EndProject
Project("{9A19103F-16F7-4668-BE54-9A1E7A4F7556}") = "43_allergies.Tests", "43_allergies.Tests\43_allergies.Tests.csproj", "{739A4844-A1D4-4D0D-9192-8E42D03E15D5}"
EndProject
Project("{9A19103F-16F7-4668-BE54-9A1E7A4F7556}") = "44_ExtractText", "44_ExtractText\44_ExtractText.csproj", "{D3A855CA-EF3A-466D-8BCD-70401F4E9D81}"
EndProject
Project("{9A19103F-16F7-4668-BE54-9A1E7A4F7556}") = "45_FormRecognizer", "45_FormRecognizer\45_FormRecognizer.csproj", "{D978A988-089F-4104-84FD-E7CC1561A8A4}"
EndProject
Project("{9A19103F-16F7-4668-BE54-9A1E7A4F7556}") = "45_FormRecognizerTestModel", "45_FormRecognizerTestModel\45_FormRecognizerTestModel.csproj", "{9071539A-7F1C-4DF9-854E-47102EB8FA54}"
EndProject
Project("{9A19103F-16F7-4668-BE54-9A1E7A4F7556}") = "46_Grades", "46_Grades\46_Grades.csproj", "{FE94FA62-23A1-4003-9DAE-368FE75DDDDE}"
EndProject
Project("{9A19103F-16F7-4668-BE54-9A1E7A4F7556}") = "46_Grades.Tests", "46_Grades.Tests\46_Grades.Tests.csproj", "{EAAA807F-C2F4-447D-90D2-05A780EB4C21}"
EndProject
Project("{9A19103F-16F7-4668-BE54-9A1E7A4F7556}") = "47_CognitiveSearch", "47_CognitiveSearch\47_CognitiveSearch.csproj", "{56E23AC8-86CB-4DA0-869C-38832A2FE144}"
EndProject
Project("{9A19103F-16F7-4668-BE54-9A1E7A4F7556}") = "48_RotationalCipher", "48_RotationalCipher\48_RotationalCipher.csproj", "{BE3383A6-664D-4BC3-B3AA-A62BE188B736}"
EndProject
Project("{9A19103F-16F7-4668-BE54-9A1E7A4F7556}") = "48_RotationalCipher.Tests", "48_RotationalCipher.Tests\48_RotationalCipher.Tests.csproj", "{6D4C6DDF-EB35-4F2A-A6CD-EEF4906E793B}"
EndProject
Project("{9A19103F-16F7-4668-BE54-9A1E7A4F7556}") = "50_CircularBuffer", "50_CircularBuffer\50_CircularBuffer.csproj", "{35EFB7F1-0BBC-4A35-B0D7-C038E56ADA4F}"
EndProject
Project("{9A19103F-16F7-4668-BE54-9A1E7A4F7556}") = "50_CircularBuffer.Tests", "50_CircularBuffer.Tests\50_CircularBuffer.Tests.csproj", "{53AB1843-B406-4B9B-9C5E-D5D1198A9809}"
EndProject
Project("{9A19103F-16F7-4668-BE54-9A1E7A4F7556}") = "51_Clock", "51_Clock\51_Clock.csproj", "{9B2E2549-39A5-43E7-B9C2-BF3BBBA8CAD6}"
EndProject
Project("{9A19103F-16F7-4668-BE54-9A1E7A4F7556}") = "51_Clock.Tests", "51_Clock.Tests\51_Clock.Tests.csproj", "{08FD8D16-FCD7-42BF-B8C2-2EC74CE9443C}"
EndProject
Project("{9A19103F-16F7-4668-BE54-9A1E7A4F7556}") = "49_CustomSearch", "49_CustomSearch\49_CustomSearch.csproj", "{712FAAE2-7B22-4769-AB45-71FE33C197F6}"
EndProject
Project("{9A19103F-16F7-4668-BE54-9A1E7A4F7556}") = "52_Lackadaisical", "52_Lackadaisical\52_Lackadaisical.csproj", "{2AE7CD66-769F-40DE-B6A8-2CD90A086E22}"
EndProject
Project("{9A19103F-16F7-4668-BE54-9A1E7A4F7556}") = "52_Lackadaisical.Tests", "52_Lackadaisical.Tests\52_Lackadaisical.Tests.csproj", "{2A19CED1-C858-403A-8E0E-CF76AC6B9F95}"
EndProject
Project("{9A19103F-16F7-4668-BE54-9A1E7A4F7556}") = "53_KnowledgeStore", "53_KnowledgeStore\53_KnowledgeStore.csproj", "{68C02F45-CCE4-4C11-B036-33612CB88638}"
EndProject
Project("{9A19103F-16F7-4668-BE54-9A1E7A4F7556}") = "54_Brackets", "54_Brackets\54_Brackets.csproj", "{38936F19-D842-4BC8-B2D7-30AC06536378}"
EndProject
Project("{9A19103F-16F7-4668-BE54-9A1E7A4F7556}") = "54_Brackets.Tests", "54_Brackets.Tests\54_Brackets.Tests.csproj", "{EB74EE6E-3378-4664-849E-DA146E5A8460}"
EndProject
Project("{9A19103F-16F7-4668-BE54-9A1E7A4F7556}") = "55_SpiralMatrix", "55_SpiralMatrix\55_SpiralMatrix.csproj", "{6C637A03-0CAB-4847-8C25-8EF8A0ACDBCE}"
EndProject
Project("{9A19103F-16F7-4668-BE54-9A1E7A4F7556}") = "55_SpiralMatrix.Tests", "55_SpiralMatrix.Tests\55_SpiralMatrix.Tests.csproj", "{AC96F4D3-AC83-44C5-A4E5-D41FDCAE9742}"
EndProject
Project("{9A19103F-16F7-4668-BE54-9A1E7A4F7556}") = "56_Tournament", "56_Tournament\56_Tournament.csproj", "{9A88E7E1-D0C8-4D33-8F27-BCF1A1B72181}"
EndProject
Project("{9A19103F-16F7-4668-BE54-9A1E7A4F7556}") = "56_Tournament.Tests", "56_Tournament.Tests\56_Tournament.Tests.csproj", "{FD401366-27A1-40C5-BEBD-A9E68ABEBBEC}"
EndProject
Project("{9A19103F-16F7-4668-BE54-9A1E7A4F7556}") = "57_MathForKids", "57_MathForKids\57_MathForKids.csproj", "{8C3617C2-D088-4FE3-8ACE-BAF1383DDB97}"
EndProject
Project("{9A19103F-16F7-4668-BE54-9A1E7A4F7556}") = "58_IndexPush", "58_IndexPush\58_IndexPush.csproj", "{3868006C-20A4-4E58-A951-69D01FE5DA5F}"
EndProject
Project("{9A19103F-16F7-4668-BE54-9A1E7A4F7556}") = "59_VLQ", "59_VLQ\59_VLQ.csproj", "{0D9A1F1B-522B-4699-86B9-72D87B962FAA}"
EndProject
Project("{9A19103F-16F7-4668-BE54-9A1E7A4F7556}") = "59_VLQ.Tests", "59_VLQ.Tests\59_VLQ.Tests.csproj", "{E09B64C9-C3B1-4C43-98E8-A33A9C123EE2}"
EndProject
Project("{9A19103F-16F7-4668-BE54-9A1E7A4F7556}") = "60_Dominoes", "60_Dominoes\60_Dominoes.csproj", "{1BCE9386-4B91-4C10-B4BE-7B3F57F49A94}"
EndProject
Project("{9A19103F-16F7-4668-BE54-9A1E7A4F7556}") = "60_Dominoes.Tests", "60_Dominoes.Tests\60_Dominoes.Tests.csproj", "{843DF7DE-B897-4E5A-A8CE-6F4F34026B0F}"
EndProject
Project("{9A19103F-16F7-4668-BE54-9A1E7A4F7556}") = "61_AzureOpenAI", "61_AzureOpenAI\Labfiles\02-nlp-azure-openai\CSharp\61_AzureOpenAI.csproj", "{172296B9-C621-4E3F-8B38-39C06DA01BA1}"
EndProject
Project("{9A19103F-16F7-4668-BE54-9A1E7A4F7556}") = "62_AICodeGeneration", "61_AzureOpenAI\Labfiles\04-code-generation\CSharp\62_AICodeGeneration.csproj", "{9386D9E4-ACB9-4DE6-80F0-58B914BF611D}"
EndProject
Project("{9A19103F-16F7-4668-BE54-9A1E7A4F7556}") = "63_Forth", "63_Forth\63_Forth.csproj", "{B354E765-B861-4DCF-8AC9-C4466EF722B5}"
EndProject
Project("{9A19103F-16F7-4668-BE54-9A1E7A4F7556}") = "63_Forth.Tests", "63_Forth.Tests\63_Forth.Tests.csproj", "{B3FB52BE-1B9E-402A-91C3-7C005B69F456}"
EndProject
Project("{9A19103F-16F7-4668-BE54-9A1E7A4F7556}") = "64_AI_ImageGeneration", "61_AzureOpenAI\Labfiles\05-image-generation\CSharp\64_AI_ImageGeneration.csproj", "{F2D5A1FC-2A36-4B9F-A5B4-9160CB6288DA}"
EndProject
Project("{9A19103F-16F7-4668-BE54-9A1E7A4F7556}") = "65_Pangram", "65_Pangram\65_Pangram.csproj", "{111880DE-0D84-4C5B-B494-A5DBEF1ED6E7}"
EndProject
Project("{9A19103F-16F7-4668-BE54-9A1E7A4F7556}") = "65_Pangram.Tests", "65_Pangram.Tests\65_Pangram.Tests.csproj", "{C8886EED-E678-4BBA-B064-4D16839368A4}"
EndProject
Project("{9A19103F-16F7-4668-BE54-9A1E7A4F7556}") = "66_Isogram", "66_Isogram\66_Isogram.csproj", "{235C4C56-6EDB-441C-9D0E-0DEA27140639}"
EndProject
Project("{9A19103F-16F7-4668-BE54-9A1E7A4F7556}") = "66_Isogram.Tests", "66_Isogram.Tests\66_Isogram.Tests.csproj", "{F339768F-6FEE-4260-9700-27B101B803F5}"
EndProject
Project("{9A19103F-16F7-4668-BE54-9A1E7A4F7556}") = "67_Acronym", "67_Acronym\67_Acronym.csproj", "{A1E307A0-A9E0-49EA-95B4-576B17E2726B}"
EndProject
Project("{9A19103F-16F7-4668-BE54-9A1E7A4F7556}") = "67_Acronym.Tests", "67_Acronym.Tests\67_Acronym.Tests.csproj", "{8474431B-4F73-47C2-9914-CB408F533B98}"
EndProject
Project("{9A19103F-16F7-4668-BE54-9A1E7A4F7556}") = "68_Grains", "68_Grains\68_Grains.csproj", "{257E315C-0E7B-4174-A193-7FD98344E04D}"
EndProject
Project("{9A19103F-16F7-4668-BE54-9A1E7A4F7556}") = "68_Grains.Tests", "68_Grains.Tests\68_Grains.Tests.csproj", "{B4377398-DC46-455F-8747-04F28DF13B36}"
EndProject
Project("{9A19103F-16F7-4668-BE54-9A1E7A4F7556}") = "69_PerfectNumbers", "69_PerfectNumbers\69_PerfectNumbers.csproj", "{215FD5DA-97A7-4CB9-9587-5AACCA250A24}"
EndProject
Project("{9A19103F-16F7-4668-BE54-9A1E7A4F7556}") = "69_PerfectNumbers.Tests", "69_PerfectNumbers.Tests\69_PerfectNumbers.Tests.csproj", "{FC33347B-0C48-43F6-B805-4BDDA9B77728}"
EndProject
Project("{9A19103F-16F7-4668-BE54-9A1E7A4F7556}") = "70_CollatzConjecture", "70_CollatzConjecture\70_CollatzConjecture.csproj", "{6C23CD79-D85F-4E63-9B84-DBAF12EA40F0}"
EndProject
Project("{9A19103F-16F7-4668-BE54-9A1E7A4F7556}") = "70_CollatzConjecture.Tests", "70_CollatzConjecture.Tests\70_CollatzConjecture.Tests.csproj", "{27D6206F-02DE-4C18-A09A-9F24A1D9A4F9}"
EndProject
Project("{9A19103F-16F7-4668-BE54-9A1E7A4F7556}") = "71_NANP", "71_NANP\71_NANP.csproj", "{859190BF-D82C-4529-AF5F-2DEE9BC6FB04}"
EndProject
Project("{9A19103F-16F7-4668-BE54-9A1E7A4F7556}") = "71_NANP.Tests", "71_NANP.Tests\71_NANP.Tests.csproj", "{71459B92-17BE-4664-B755-9F1B384FB391}"
EndProject
Project("{9A19103F-16F7-4668-BE54-9A1E7A4F7556}") = "72_ScrabbleScore", "72_ScrabbleScore\72_ScrabbleScore.csproj", "{8BBABF10-447C-44F2-BF23-E51970A22EDF}"
EndProject
Project("{9A19103F-16F7-4668-BE54-9A1E7A4F7556}") = "72_ScrabbleScore.Tests", "72_ScrabbleScore.Tests\72_ScrabbleScore.Tests.csproj", "{96029758-A08A-4D6F-9964-8B3F09B50D1F}"
EndProject
Project("{9A19103F-16F7-4668-BE54-9A1E7A4F7556}") = "73_Meetup", "73_Meetup\73_Meetup.csproj", "{BECD067C-AE3F-496D-B1BE-8EDFBE9E2622}"
EndProject
Project("{9A19103F-16F7-4668-BE54-9A1E7A4F7556}") = "73_Meetup.Tests", "73_Meetup.Tests\73_Meetup.Tests.csproj", "{B95FDBD2-4BE2-4DD8-9B47-050C84B1949C}"
EndProject
Project("{9A19103F-16F7-4668-BE54-9A1E7A4F7556}") = "74_DifferenceOfSquares", "74_DifferenceOfSquares\74_DifferenceOfSquares.csproj", "{269B3585-EFC7-4F8A-9719-22C6C0D6B612}"
EndProject
Project("{9A19103F-16F7-4668-BE54-9A1E7A4F7556}") = "74_DifferenceOfSquares.Tests", "74_DifferenceOfSquares.Tests\74_DifferenceOfSquares.Tests.csproj", "{99EBA39E-50A6-4FEC-B18C-AAFF1E697D3C}"
EndProject
Project("{9A19103F-16F7-4668-BE54-9A1E7A4F7556}") = "75_ResistorColorDuo", "75_ResistorColorDuo\75_ResistorColorDuo.csproj", "{3B3434BF-C066-41E6-8370-8979068212B7}"
EndProject
Project("{9A19103F-16F7-4668-BE54-9A1E7A4F7556}") = "75_ResistorColorDuo.Tests", "75_ResistorColorDuo.Tests\75_ResistorColorDuo.Tests.csproj", "{76C80787-CDCA-430F-8A2B-EE5798A1319D}"
EndProject
Project("{9A19103F-16F7-4668-BE54-9A1E7A4F7556}") = "76_ResistorColorDuo_2", "76_ResistorColorDuo_2\76_ResistorColorDuo_2.csproj", "{10F4705D-DE70-4D20-BC98-6C372F434128}"
EndProject
Project("{9A19103F-16F7-4668-BE54-9A1E7A4F7556}") = "76_ResistorColorDuo_2.Tests", "76_ResistorColorDuo_2.Tests\76_ResistorColorDuo_2.Tests.csproj", "{39BB034C-79B5-4615-BD19-05281615FE62}"
EndProject
Project("{9A19103F-16F7-4668-BE54-9A1E7A4F7556}") = "77_Series", "77_Series\77_Series.csproj", "{722709EA-C1BB-4EDF-87DC-22D6BA952252}"
EndProject
Project("{9A19103F-16F7-4668-BE54-9A1E7A4F7556}") = "77_Series.Tests", "77_Series.Tests\77_Series.Tests.csproj", "{0FA50424-22F5-483C-8D8A-3FCBCF4C36D0}"
EndProject
Project("{9A19103F-16F7-4668-BE54-9A1E7A4F7556}") = "78_Multiples", "78_Multiples\78_Multiples.csproj", "{2F73467A-DC83-45EC-9E36-489275157C80}"
EndProject
Project("{9A19103F-16F7-4668-BE54-9A1E7A4F7556}") = "78_Multiples.Tests", "78_Multiples.Tests\78_Multiples.Tests.csproj", "{282E952E-D047-4304-9CC8-F3600A1B20AB}"
EndProject
Project("{9A19103F-16F7-4668-BE54-9A1E7A4F7556}") = "79_Accumulate", "79_Accumulate\79_Accumulate.csproj", "{35B65E10-26B9-4268-9B16-AE22D0DDC57E}"
EndProject
Project("{9A19103F-16F7-4668-BE54-9A1E7A4F7556}") = "79_Accumulate.Tests", "79_Accumulate.Tests\79_Accumulate.Tests.csproj", "{787E98B1-82AC-4D0B-81F1-9F54B81BA2F2}"
EndProject
Project("{9A19103F-16F7-4668-BE54-9A1E7A4F7556}") = "80_AllYourBase", "80_AllYourBase\80_AllYourBase.csproj", "{8286EC4B-2D0F-41DB-ABC5-6620F1777A7A}"
EndProject
Project("{9A19103F-16F7-4668-BE54-9A1E7A4F7556}") = "80_AllYourBase.Tests", "80_AllYourBase.Tests\80_AllYourBase.Tests.csproj", "{E8EA8908-A951-4E70-AAF4-8287C254C6A2}"
EndProject
Project("{9A19103F-16F7-4668-BE54-9A1E7A4F7556}") = "81_LargestSeriesProduct", "81_LargestSeriesProduct\81_LargestSeriesProduct.csproj", "{DA505392-7D7C-4F09-89A4-EF36DE923999}"
EndProject
Project("{9A19103F-16F7-4668-BE54-9A1E7A4F7556}") = "81_LargestSeriesProduct.Tests", "81_LargestSeriesProduct.Tests\81_LargestSeriesProduct.Tests.csproj", "{EDB6D9D4-7C04-415B-A667-2749E03AF0CE}"
EndProject
Project("{9A19103F-16F7-4668-BE54-9A1E7A4F7556}") = "82_PascalsTriangle", "82_PascalsTriangle\82_PascalsTriangle.csproj", "{B27F8CFC-E92E-4E22-BD50-FA2C7186F150}"
EndProject
Project("{9A19103F-16F7-4668-BE54-9A1E7A4F7556}") = "82_PascalsTriangle.Tests", "82_PascalsTriangle.Tests\82_PascalsTriangle.Tests.csproj", "{F2FDAE4A-63E1-4B95-B6DE-5E7C27909E88}"
EndProject
Project("{9A19103F-16F7-4668-BE54-9A1E7A4F7556}") = "83_PrimeFactors", "83_PrimeFactors\83_PrimeFactors.csproj", "{EB7205C3-3144-4985-8156-C570EC4FA12E}"
EndProject
Project("{9A19103F-16F7-4668-BE54-9A1E7A4F7556}") = "83_PrimeFactors.Tests", "83_PrimeFactors.Tests\83_PrimeFactors.Tests.csproj", "{B1C4DC33-669E-4839-A4E0-790ADCA2683E}"
EndProject
Project("{9A19103F-16F7-4668-BE54-9A1E7A4F7556}") = "84_PythagoreanTriplet", "84_PythagoreanTriplet\84_PythagoreanTriplet.csproj", "{2BCABD86-B3AC-482D-AFEA-31CA293BB915}"
EndProject
Project("{9A19103F-16F7-4668-BE54-9A1E7A4F7556}") = "84_PythagoreanTriplet.Tests", "84_PythagoreanTriplet.Tests\84_PythagoreanTriplet.Tests.csproj", "{09E88067-F164-4A47-A350-9DBC8453F62B}"
EndProject
Project("{9A19103F-16F7-4668-BE54-9A1E7A4F7556}") = "85_WebAssembly_Hello", "85_WebAssembly_Hello\85_WebAssembly_Hello.csproj", "{E57343E4-E554-4AEB-9090-06EB3D6D6A1F}"
EndProject
Project("{9A19103F-16F7-4668-BE54-9A1E7A4F7556}") = "87_ArmstrongNumbers", "87_ArmstrongNumbers\87_ArmstrongNumbers.csproj", "{85B5B1CB-7264-4F81-BB01-24FFD35DC312}"
EndProject
Project("{9A19103F-16F7-4668-BE54-9A1E7A4F7556}") = "87_ArmstrongNumbers.Tests", "87_ArmstrongNumbers.Tests\87_ArmstrongNumbers.Tests.csproj", "{97FA1FAA-BD56-4428-AD4C-0481DC10F4D8}"
EndProject
Project("{9A19103F-16F7-4668-BE54-9A1E7A4F7556}") = "88_Darts", "88_Darts\88_Darts.csproj", "{1B4EE372-9CF1-4F83-B316-C63BF4DA0B5F}"
EndProject
Project("{9A19103F-16F7-4668-BE54-9A1E7A4F7556}") = "88_Darts.Tests", "88_Darts.Tests\88_Darts.Tests.csproj", "{2A298F35-422E-471D-B779-43A4F1F19B3B}"
EndProject
Project("{9A19103F-16F7-4668-BE54-9A1E7A4F7556}") = "89_Triangle", "89_Triangle\89_Triangle.csproj", "{9A7C97B7-510F-421C-833B-975438FE4D21}"
EndProject
Project("{9A19103F-16F7-4668-BE54-9A1E7A4F7556}") = "89_Triangle.Tests", "89_Triangle.Tests\89_Triangle.Tests.csproj", "{20A92970-8A6F-4B7C-9425-9FA69CA1705C}"
EndProject
Project("{9A19103F-16F7-4668-BE54-9A1E7A4F7556}") = "90_RationalNumbers", "90_RationalNumbers\90_RationalNumbers.csproj", "{3FEAB56E-1846-4C1C-9469-E90288EDA0F8}"
EndProject
Project("{9A19103F-16F7-4668-BE54-9A1E7A4F7556}") = "90_RationalNumbers.Tests", "90_RationalNumbers.Tests\90_RationalNumbers.Tests.csproj", "{A6F10B93-8953-4772-A7C9-8292E2550456}"
EndProject
Project("{9A19103F-16F7-4668-BE54-9A1E7A4F7556}") = "91_ComplexNumbers", "91_ComplexNumbers\91_ComplexNumbers.csproj", "{358C9389-74EF-4B3A-A742-1992F3E18680}"
EndProject
Project("{9A19103F-16F7-4668-BE54-9A1E7A4F7556}") = "91_ComplexNumbers.Tests", "91_ComplexNumbers.Tests\91_ComplexNumbers.Tests.csproj", "{392BF6EC-C25D-4544-A824-594261D2901A}"
EndProject
Project("{9A19103F-16F7-4668-BE54-9A1E7A4F7556}") = "92_Raindrops", "92_Raindrops\92_Raindrops.csproj", "{0FFCCD3B-04FD-446E-B81D-6C153A033BD6}"
EndProject
Project("{9A19103F-16F7-4668-BE54-9A1E7A4F7556}") = "92_Raindrops.Tests", "92_Raindrops.Tests\92_Raindrops.Tests.csproj", "{B776736A-F710-4D76-BE60-DD4F24F30802}"
EndProject
Project("{9A19103F-16F7-4668-BE54-9A1E7A4F7556}") = "93_Song", "93_Song\93_Song.csproj", "{79B133DC-E2F4-4055-9049-9EF8B7DC07D0}"
EndProject
Project("{9A19103F-16F7-4668-BE54-9A1E7A4F7556}") = "93_Song.Tests", "93_Song.Tests\93_Song.Tests.csproj", "{08724216-D16D-4FCA-A7C7-058FB65BCDBF}"
EndProject
Project("{FAE04EC0-301F-11D3-BF4B-00C04F79EFBC}") = "94_Proverb", "94_Proverb\94_Proverb.csproj", "{2EA6B9C5-8ACE-466F-B938-27A4BC6DC333}"
EndProject
Project("{FAE04EC0-301F-11D3-BF4B-00C04F79EFBC}") = "94_Proverb.Tests", "94_Proverb.Tests\94_Proverb.Tests.csproj", "{061C8D33-9BE0-48D5-8EC9-8DA0010ECF4B}"
EndProject
Global
	GlobalSection(SolutionConfigurationPlatforms) = preSolution
		Debug|Any CPU = Debug|Any CPU
		Release|Any CPU = Release|Any CPU
	EndGlobalSection
	GlobalSection(ProjectConfigurationPlatforms) = postSolution
		{2908A08A-392A-4BF1-816F-71C38B62A251}.Debug|Any CPU.ActiveCfg = Debug|Any CPU
		{2908A08A-392A-4BF1-816F-71C38B62A251}.Debug|Any CPU.Build.0 = Debug|Any CPU
		{2908A08A-392A-4BF1-816F-71C38B62A251}.Release|Any CPU.ActiveCfg = Release|Any CPU
		{2908A08A-392A-4BF1-816F-71C38B62A251}.Release|Any CPU.Build.0 = Release|Any CPU
		{BD1497C7-C037-487C-9E87-2B721619FBC5}.Debug|Any CPU.ActiveCfg = Debug|Any CPU
		{BD1497C7-C037-487C-9E87-2B721619FBC5}.Debug|Any CPU.Build.0 = Debug|Any CPU
		{BD1497C7-C037-487C-9E87-2B721619FBC5}.Release|Any CPU.ActiveCfg = Release|Any CPU
		{BD1497C7-C037-487C-9E87-2B721619FBC5}.Release|Any CPU.Build.0 = Release|Any CPU
		{3326B681-ECA3-47AC-9012-C8C1A76928E7}.Debug|Any CPU.ActiveCfg = Debug|Any CPU
		{3326B681-ECA3-47AC-9012-C8C1A76928E7}.Debug|Any CPU.Build.0 = Debug|Any CPU
		{3326B681-ECA3-47AC-9012-C8C1A76928E7}.Release|Any CPU.ActiveCfg = Release|Any CPU
		{3326B681-ECA3-47AC-9012-C8C1A76928E7}.Release|Any CPU.Build.0 = Release|Any CPU
		{9774BF6A-908E-44B6-B194-9E0A128A9B92}.Debug|Any CPU.ActiveCfg = Debug|Any CPU
		{9774BF6A-908E-44B6-B194-9E0A128A9B92}.Debug|Any CPU.Build.0 = Debug|Any CPU
		{9774BF6A-908E-44B6-B194-9E0A128A9B92}.Release|Any CPU.ActiveCfg = Release|Any CPU
		{9774BF6A-908E-44B6-B194-9E0A128A9B92}.Release|Any CPU.Build.0 = Release|Any CPU
		{70071821-7D35-40F4-8528-C52AA10AA1DA}.Debug|Any CPU.ActiveCfg = Debug|Any CPU
		{70071821-7D35-40F4-8528-C52AA10AA1DA}.Debug|Any CPU.Build.0 = Debug|Any CPU
		{70071821-7D35-40F4-8528-C52AA10AA1DA}.Release|Any CPU.ActiveCfg = Release|Any CPU
		{70071821-7D35-40F4-8528-C52AA10AA1DA}.Release|Any CPU.Build.0 = Release|Any CPU
		{570718D7-29A9-4A5A-B471-1B9642397F6F}.Debug|Any CPU.ActiveCfg = Debug|Any CPU
		{570718D7-29A9-4A5A-B471-1B9642397F6F}.Debug|Any CPU.Build.0 = Debug|Any CPU
		{570718D7-29A9-4A5A-B471-1B9642397F6F}.Release|Any CPU.ActiveCfg = Release|Any CPU
		{570718D7-29A9-4A5A-B471-1B9642397F6F}.Release|Any CPU.Build.0 = Release|Any CPU
		{946FF846-B8E6-4378-A81F-C6A64230A602}.Debug|Any CPU.ActiveCfg = Debug|Any CPU
		{946FF846-B8E6-4378-A81F-C6A64230A602}.Debug|Any CPU.Build.0 = Debug|Any CPU
		{946FF846-B8E6-4378-A81F-C6A64230A602}.Release|Any CPU.ActiveCfg = Release|Any CPU
		{946FF846-B8E6-4378-A81F-C6A64230A602}.Release|Any CPU.Build.0 = Release|Any CPU
		{D4690094-7497-431C-8FC4-C1F3F48215FA}.Debug|Any CPU.ActiveCfg = Debug|Any CPU
		{D4690094-7497-431C-8FC4-C1F3F48215FA}.Debug|Any CPU.Build.0 = Debug|Any CPU
		{D4690094-7497-431C-8FC4-C1F3F48215FA}.Release|Any CPU.ActiveCfg = Release|Any CPU
		{D4690094-7497-431C-8FC4-C1F3F48215FA}.Release|Any CPU.Build.0 = Release|Any CPU
		{8626AD79-CE18-4AF4-AB4F-A858A0E5EC2B}.Debug|Any CPU.ActiveCfg = Debug|Any CPU
		{8626AD79-CE18-4AF4-AB4F-A858A0E5EC2B}.Debug|Any CPU.Build.0 = Debug|Any CPU
		{8626AD79-CE18-4AF4-AB4F-A858A0E5EC2B}.Release|Any CPU.ActiveCfg = Release|Any CPU
		{8626AD79-CE18-4AF4-AB4F-A858A0E5EC2B}.Release|Any CPU.Build.0 = Release|Any CPU
		{B5D97499-B021-4015-8695-10F9B6C66B79}.Debug|Any CPU.ActiveCfg = Debug|Any CPU
		{B5D97499-B021-4015-8695-10F9B6C66B79}.Debug|Any CPU.Build.0 = Debug|Any CPU
		{B5D97499-B021-4015-8695-10F9B6C66B79}.Release|Any CPU.ActiveCfg = Release|Any CPU
		{B5D97499-B021-4015-8695-10F9B6C66B79}.Release|Any CPU.Build.0 = Release|Any CPU
		{A184AFC4-A234-45D3-8FCE-9CAFD445A1AB}.Debug|Any CPU.ActiveCfg = Debug|Any CPU
		{A184AFC4-A234-45D3-8FCE-9CAFD445A1AB}.Debug|Any CPU.Build.0 = Debug|Any CPU
		{A184AFC4-A234-45D3-8FCE-9CAFD445A1AB}.Release|Any CPU.ActiveCfg = Release|Any CPU
		{A184AFC4-A234-45D3-8FCE-9CAFD445A1AB}.Release|Any CPU.Build.0 = Release|Any CPU
		{E9291899-B52D-4A03-96DA-E066457D09FF}.Debug|Any CPU.ActiveCfg = Debug|Any CPU
		{E9291899-B52D-4A03-96DA-E066457D09FF}.Debug|Any CPU.Build.0 = Debug|Any CPU
		{E9291899-B52D-4A03-96DA-E066457D09FF}.Release|Any CPU.ActiveCfg = Release|Any CPU
		{E9291899-B52D-4A03-96DA-E066457D09FF}.Release|Any CPU.Build.0 = Release|Any CPU
		{1354185C-743F-4D38-A780-19F64B9075AC}.Debug|Any CPU.ActiveCfg = Debug|Any CPU
		{1354185C-743F-4D38-A780-19F64B9075AC}.Debug|Any CPU.Build.0 = Debug|Any CPU
		{1354185C-743F-4D38-A780-19F64B9075AC}.Release|Any CPU.ActiveCfg = Release|Any CPU
		{1354185C-743F-4D38-A780-19F64B9075AC}.Release|Any CPU.Build.0 = Release|Any CPU
		{37764373-975F-4F72-83DB-9BDEF5A01911}.Debug|Any CPU.ActiveCfg = Debug|Any CPU
		{37764373-975F-4F72-83DB-9BDEF5A01911}.Debug|Any CPU.Build.0 = Debug|Any CPU
		{37764373-975F-4F72-83DB-9BDEF5A01911}.Release|Any CPU.ActiveCfg = Release|Any CPU
		{37764373-975F-4F72-83DB-9BDEF5A01911}.Release|Any CPU.Build.0 = Release|Any CPU
		{C1BA25E9-644C-43B6-80E5-D7401BB2684E}.Debug|Any CPU.ActiveCfg = Debug|Any CPU
		{C1BA25E9-644C-43B6-80E5-D7401BB2684E}.Debug|Any CPU.Build.0 = Debug|Any CPU
		{C1BA25E9-644C-43B6-80E5-D7401BB2684E}.Release|Any CPU.ActiveCfg = Release|Any CPU
		{C1BA25E9-644C-43B6-80E5-D7401BB2684E}.Release|Any CPU.Build.0 = Release|Any CPU
		{17D022AA-5E57-4BBF-A22A-45F0DA9866AF}.Debug|Any CPU.ActiveCfg = Debug|Any CPU
		{17D022AA-5E57-4BBF-A22A-45F0DA9866AF}.Debug|Any CPU.Build.0 = Debug|Any CPU
		{17D022AA-5E57-4BBF-A22A-45F0DA9866AF}.Release|Any CPU.ActiveCfg = Release|Any CPU
		{17D022AA-5E57-4BBF-A22A-45F0DA9866AF}.Release|Any CPU.Build.0 = Release|Any CPU
		{D7363A7D-3AEE-4518-BC8B-A6243780B657}.Debug|Any CPU.ActiveCfg = Debug|Any CPU
		{D7363A7D-3AEE-4518-BC8B-A6243780B657}.Debug|Any CPU.Build.0 = Debug|Any CPU
		{D7363A7D-3AEE-4518-BC8B-A6243780B657}.Release|Any CPU.ActiveCfg = Release|Any CPU
		{D7363A7D-3AEE-4518-BC8B-A6243780B657}.Release|Any CPU.Build.0 = Release|Any CPU
		{2F78D14E-E879-49F0-9EFC-7B5D125F1E4A}.Debug|Any CPU.ActiveCfg = Debug|Any CPU
		{2F78D14E-E879-49F0-9EFC-7B5D125F1E4A}.Debug|Any CPU.Build.0 = Debug|Any CPU
		{2F78D14E-E879-49F0-9EFC-7B5D125F1E4A}.Release|Any CPU.ActiveCfg = Release|Any CPU
		{2F78D14E-E879-49F0-9EFC-7B5D125F1E4A}.Release|Any CPU.Build.0 = Release|Any CPU
		{6613EC04-A501-4B28-BF4A-8BA405408253}.Debug|Any CPU.ActiveCfg = Debug|Any CPU
		{6613EC04-A501-4B28-BF4A-8BA405408253}.Debug|Any CPU.Build.0 = Debug|Any CPU
		{6613EC04-A501-4B28-BF4A-8BA405408253}.Release|Any CPU.ActiveCfg = Release|Any CPU
		{6613EC04-A501-4B28-BF4A-8BA405408253}.Release|Any CPU.Build.0 = Release|Any CPU
		{815B1F00-498B-41C4-A8C8-507762556D71}.Debug|Any CPU.ActiveCfg = Debug|Any CPU
		{815B1F00-498B-41C4-A8C8-507762556D71}.Debug|Any CPU.Build.0 = Debug|Any CPU
		{815B1F00-498B-41C4-A8C8-507762556D71}.Release|Any CPU.ActiveCfg = Release|Any CPU
		{815B1F00-498B-41C4-A8C8-507762556D71}.Release|Any CPU.Build.0 = Release|Any CPU
		{7F785F3C-2C82-4995-9A7B-8EDCCC826EA4}.Debug|Any CPU.ActiveCfg = Debug|Any CPU
		{7F785F3C-2C82-4995-9A7B-8EDCCC826EA4}.Debug|Any CPU.Build.0 = Debug|Any CPU
		{7F785F3C-2C82-4995-9A7B-8EDCCC826EA4}.Release|Any CPU.ActiveCfg = Release|Any CPU
		{7F785F3C-2C82-4995-9A7B-8EDCCC826EA4}.Release|Any CPU.Build.0 = Release|Any CPU
		{F0A1B298-39D2-4843-AF86-673106E468D2}.Debug|Any CPU.ActiveCfg = Debug|Any CPU
		{F0A1B298-39D2-4843-AF86-673106E468D2}.Debug|Any CPU.Build.0 = Debug|Any CPU
		{F0A1B298-39D2-4843-AF86-673106E468D2}.Release|Any CPU.ActiveCfg = Release|Any CPU
		{F0A1B298-39D2-4843-AF86-673106E468D2}.Release|Any CPU.Build.0 = Release|Any CPU
		{7E209454-2FBD-400B-8F1D-8DDE84A34799}.Debug|Any CPU.ActiveCfg = Debug|Any CPU
		{7E209454-2FBD-400B-8F1D-8DDE84A34799}.Debug|Any CPU.Build.0 = Debug|Any CPU
		{7E209454-2FBD-400B-8F1D-8DDE84A34799}.Release|Any CPU.ActiveCfg = Release|Any CPU
		{7E209454-2FBD-400B-8F1D-8DDE84A34799}.Release|Any CPU.Build.0 = Release|Any CPU
		{616F183C-E6EC-4D24-BCA4-679093F6B3D6}.Debug|Any CPU.ActiveCfg = Debug|Any CPU
		{616F183C-E6EC-4D24-BCA4-679093F6B3D6}.Debug|Any CPU.Build.0 = Debug|Any CPU
		{616F183C-E6EC-4D24-BCA4-679093F6B3D6}.Release|Any CPU.ActiveCfg = Release|Any CPU
		{616F183C-E6EC-4D24-BCA4-679093F6B3D6}.Release|Any CPU.Build.0 = Release|Any CPU
		{D98AC78D-1877-4187-8D97-1A51817A3D91}.Debug|Any CPU.ActiveCfg = Debug|Any CPU
		{D98AC78D-1877-4187-8D97-1A51817A3D91}.Debug|Any CPU.Build.0 = Debug|Any CPU
		{D98AC78D-1877-4187-8D97-1A51817A3D91}.Release|Any CPU.ActiveCfg = Release|Any CPU
		{D98AC78D-1877-4187-8D97-1A51817A3D91}.Release|Any CPU.Build.0 = Release|Any CPU
		{733D82EA-1220-40C2-BBF3-76E52C4643E8}.Debug|Any CPU.ActiveCfg = Debug|Any CPU
		{733D82EA-1220-40C2-BBF3-76E52C4643E8}.Debug|Any CPU.Build.0 = Debug|Any CPU
		{733D82EA-1220-40C2-BBF3-76E52C4643E8}.Release|Any CPU.ActiveCfg = Release|Any CPU
		{733D82EA-1220-40C2-BBF3-76E52C4643E8}.Release|Any CPU.Build.0 = Release|Any CPU
		{3F2A65FC-398A-48A2-9B0C-9E79E8E7074B}.Debug|Any CPU.ActiveCfg = Debug|Any CPU
		{3F2A65FC-398A-48A2-9B0C-9E79E8E7074B}.Debug|Any CPU.Build.0 = Debug|Any CPU
		{3F2A65FC-398A-48A2-9B0C-9E79E8E7074B}.Release|Any CPU.ActiveCfg = Release|Any CPU
		{3F2A65FC-398A-48A2-9B0C-9E79E8E7074B}.Release|Any CPU.Build.0 = Release|Any CPU
		{5D914058-3457-4F95-AC77-7A2EB13077D2}.Debug|Any CPU.ActiveCfg = Debug|Any CPU
		{5D914058-3457-4F95-AC77-7A2EB13077D2}.Debug|Any CPU.Build.0 = Debug|Any CPU
		{5D914058-3457-4F95-AC77-7A2EB13077D2}.Release|Any CPU.ActiveCfg = Release|Any CPU
		{5D914058-3457-4F95-AC77-7A2EB13077D2}.Release|Any CPU.Build.0 = Release|Any CPU
		{5B889A77-0CE7-41C9-8BB2-8629235E431B}.Debug|Any CPU.ActiveCfg = Debug|Any CPU
		{5B889A77-0CE7-41C9-8BB2-8629235E431B}.Debug|Any CPU.Build.0 = Debug|Any CPU
		{5B889A77-0CE7-41C9-8BB2-8629235E431B}.Release|Any CPU.ActiveCfg = Release|Any CPU
		{5B889A77-0CE7-41C9-8BB2-8629235E431B}.Release|Any CPU.Build.0 = Release|Any CPU
		{D37C40A9-8398-45C8-8815-C83F5EF84B70}.Debug|Any CPU.ActiveCfg = Debug|Any CPU
		{D37C40A9-8398-45C8-8815-C83F5EF84B70}.Debug|Any CPU.Build.0 = Debug|Any CPU
		{D37C40A9-8398-45C8-8815-C83F5EF84B70}.Release|Any CPU.ActiveCfg = Release|Any CPU
		{D37C40A9-8398-45C8-8815-C83F5EF84B70}.Release|Any CPU.Build.0 = Release|Any CPU
		{0D16AB04-7EE2-4947-A8DD-B7526AE0437F}.Debug|Any CPU.ActiveCfg = Debug|Any CPU
		{0D16AB04-7EE2-4947-A8DD-B7526AE0437F}.Debug|Any CPU.Build.0 = Debug|Any CPU
		{0D16AB04-7EE2-4947-A8DD-B7526AE0437F}.Release|Any CPU.ActiveCfg = Release|Any CPU
		{0D16AB04-7EE2-4947-A8DD-B7526AE0437F}.Release|Any CPU.Build.0 = Release|Any CPU
		{6B0AB1EF-3782-414A-9801-5E6655B89B8B}.Debug|Any CPU.ActiveCfg = Debug|Any CPU
		{6B0AB1EF-3782-414A-9801-5E6655B89B8B}.Debug|Any CPU.Build.0 = Debug|Any CPU
		{6B0AB1EF-3782-414A-9801-5E6655B89B8B}.Release|Any CPU.ActiveCfg = Release|Any CPU
		{6B0AB1EF-3782-414A-9801-5E6655B89B8B}.Release|Any CPU.Build.0 = Release|Any CPU
		{5A094D91-7EF8-4344-821E-0504C7609382}.Debug|Any CPU.ActiveCfg = Debug|Any CPU
		{5A094D91-7EF8-4344-821E-0504C7609382}.Debug|Any CPU.Build.0 = Debug|Any CPU
		{5A094D91-7EF8-4344-821E-0504C7609382}.Release|Any CPU.ActiveCfg = Release|Any CPU
		{5A094D91-7EF8-4344-821E-0504C7609382}.Release|Any CPU.Build.0 = Release|Any CPU
		{3B1C9DCD-DF87-4154-9B6C-9FFDCB7501AA}.Debug|Any CPU.ActiveCfg = Debug|Any CPU
		{3B1C9DCD-DF87-4154-9B6C-9FFDCB7501AA}.Debug|Any CPU.Build.0 = Debug|Any CPU
		{3B1C9DCD-DF87-4154-9B6C-9FFDCB7501AA}.Release|Any CPU.ActiveCfg = Release|Any CPU
		{3B1C9DCD-DF87-4154-9B6C-9FFDCB7501AA}.Release|Any CPU.Build.0 = Release|Any CPU
		{4D45B150-F25E-47A7-92B2-9F193B8345D9}.Debug|Any CPU.ActiveCfg = Debug|Any CPU
		{4D45B150-F25E-47A7-92B2-9F193B8345D9}.Debug|Any CPU.Build.0 = Debug|Any CPU
		{4D45B150-F25E-47A7-92B2-9F193B8345D9}.Release|Any CPU.ActiveCfg = Release|Any CPU
		{4D45B150-F25E-47A7-92B2-9F193B8345D9}.Release|Any CPU.Build.0 = Release|Any CPU
		{C44EF2FF-071D-4FA0-B2FD-8CEE56B03729}.Debug|Any CPU.ActiveCfg = Debug|Any CPU
		{C44EF2FF-071D-4FA0-B2FD-8CEE56B03729}.Debug|Any CPU.Build.0 = Debug|Any CPU
		{C44EF2FF-071D-4FA0-B2FD-8CEE56B03729}.Release|Any CPU.ActiveCfg = Release|Any CPU
		{C44EF2FF-071D-4FA0-B2FD-8CEE56B03729}.Release|Any CPU.Build.0 = Release|Any CPU
		{5FE56A12-0C03-45CC-96A7-25CCF6C16109}.Debug|Any CPU.ActiveCfg = Debug|Any CPU
		{5FE56A12-0C03-45CC-96A7-25CCF6C16109}.Debug|Any CPU.Build.0 = Debug|Any CPU
		{5FE56A12-0C03-45CC-96A7-25CCF6C16109}.Release|Any CPU.ActiveCfg = Release|Any CPU
		{5FE56A12-0C03-45CC-96A7-25CCF6C16109}.Release|Any CPU.Build.0 = Release|Any CPU
		{D05E9D40-2239-4BCC-827E-515EBA5CD5E9}.Debug|Any CPU.ActiveCfg = Debug|Any CPU
		{D05E9D40-2239-4BCC-827E-515EBA5CD5E9}.Debug|Any CPU.Build.0 = Debug|Any CPU
		{D05E9D40-2239-4BCC-827E-515EBA5CD5E9}.Release|Any CPU.ActiveCfg = Release|Any CPU
		{D05E9D40-2239-4BCC-827E-515EBA5CD5E9}.Release|Any CPU.Build.0 = Release|Any CPU
		{D34BFAD0-64F4-482A-A84C-0F69D46976EC}.Debug|Any CPU.ActiveCfg = Debug|Any CPU
		{D34BFAD0-64F4-482A-A84C-0F69D46976EC}.Debug|Any CPU.Build.0 = Debug|Any CPU
		{D34BFAD0-64F4-482A-A84C-0F69D46976EC}.Release|Any CPU.ActiveCfg = Release|Any CPU
		{D34BFAD0-64F4-482A-A84C-0F69D46976EC}.Release|Any CPU.Build.0 = Release|Any CPU
		{F7B82800-5531-4D0F-B291-1D981A63C849}.Debug|Any CPU.ActiveCfg = Debug|Any CPU
		{F7B82800-5531-4D0F-B291-1D981A63C849}.Debug|Any CPU.Build.0 = Debug|Any CPU
		{F7B82800-5531-4D0F-B291-1D981A63C849}.Release|Any CPU.ActiveCfg = Release|Any CPU
		{F7B82800-5531-4D0F-B291-1D981A63C849}.Release|Any CPU.Build.0 = Release|Any CPU
		{FEBE8B52-671B-416A-A570-A297103E99B9}.Debug|Any CPU.ActiveCfg = Debug|Any CPU
		{FEBE8B52-671B-416A-A570-A297103E99B9}.Debug|Any CPU.Build.0 = Debug|Any CPU
		{FEBE8B52-671B-416A-A570-A297103E99B9}.Release|Any CPU.ActiveCfg = Release|Any CPU
		{FEBE8B52-671B-416A-A570-A297103E99B9}.Release|Any CPU.Build.0 = Release|Any CPU
		{5B9A5156-5071-4AA7-B6A4-1A94734776F9}.Debug|Any CPU.ActiveCfg = Debug|Any CPU
		{5B9A5156-5071-4AA7-B6A4-1A94734776F9}.Debug|Any CPU.Build.0 = Debug|Any CPU
		{5B9A5156-5071-4AA7-B6A4-1A94734776F9}.Release|Any CPU.ActiveCfg = Release|Any CPU
		{5B9A5156-5071-4AA7-B6A4-1A94734776F9}.Release|Any CPU.Build.0 = Release|Any CPU
		{EA5DD220-0C26-46EA-89A5-1204699775C3}.Debug|Any CPU.ActiveCfg = Debug|Any CPU
		{EA5DD220-0C26-46EA-89A5-1204699775C3}.Debug|Any CPU.Build.0 = Debug|Any CPU
		{EA5DD220-0C26-46EA-89A5-1204699775C3}.Release|Any CPU.ActiveCfg = Release|Any CPU
		{EA5DD220-0C26-46EA-89A5-1204699775C3}.Release|Any CPU.Build.0 = Release|Any CPU
		{841F7EAA-8A03-4B2B-B3EF-6FDB489BE9F6}.Debug|Any CPU.ActiveCfg = Debug|Any CPU
		{841F7EAA-8A03-4B2B-B3EF-6FDB489BE9F6}.Debug|Any CPU.Build.0 = Debug|Any CPU
		{841F7EAA-8A03-4B2B-B3EF-6FDB489BE9F6}.Release|Any CPU.ActiveCfg = Release|Any CPU
		{841F7EAA-8A03-4B2B-B3EF-6FDB489BE9F6}.Release|Any CPU.Build.0 = Release|Any CPU
		{763C4071-D120-456B-834C-6EF4024DBD58}.Debug|Any CPU.ActiveCfg = Debug|Any CPU
		{763C4071-D120-456B-834C-6EF4024DBD58}.Debug|Any CPU.Build.0 = Debug|Any CPU
		{763C4071-D120-456B-834C-6EF4024DBD58}.Release|Any CPU.ActiveCfg = Release|Any CPU
		{763C4071-D120-456B-834C-6EF4024DBD58}.Release|Any CPU.Build.0 = Release|Any CPU
		{34647EF9-0FBD-4E61-81D5-C6B7C0526167}.Debug|Any CPU.ActiveCfg = Debug|Any CPU
		{34647EF9-0FBD-4E61-81D5-C6B7C0526167}.Debug|Any CPU.Build.0 = Debug|Any CPU
		{34647EF9-0FBD-4E61-81D5-C6B7C0526167}.Release|Any CPU.ActiveCfg = Release|Any CPU
		{34647EF9-0FBD-4E61-81D5-C6B7C0526167}.Release|Any CPU.Build.0 = Release|Any CPU
		{6F975276-D871-433A-9397-2479F36766E0}.Debug|Any CPU.ActiveCfg = Debug|Any CPU
		{6F975276-D871-433A-9397-2479F36766E0}.Debug|Any CPU.Build.0 = Debug|Any CPU
		{6F975276-D871-433A-9397-2479F36766E0}.Release|Any CPU.ActiveCfg = Release|Any CPU
		{6F975276-D871-433A-9397-2479F36766E0}.Release|Any CPU.Build.0 = Release|Any CPU
		{56C85E19-019B-44BD-9B4F-BF3890DAA163}.Debug|Any CPU.ActiveCfg = Debug|Any CPU
		{56C85E19-019B-44BD-9B4F-BF3890DAA163}.Debug|Any CPU.Build.0 = Debug|Any CPU
		{56C85E19-019B-44BD-9B4F-BF3890DAA163}.Release|Any CPU.ActiveCfg = Release|Any CPU
		{56C85E19-019B-44BD-9B4F-BF3890DAA163}.Release|Any CPU.Build.0 = Release|Any CPU
		{ADF8C753-2BE2-4600-82B8-899016935351}.Debug|Any CPU.ActiveCfg = Debug|Any CPU
		{ADF8C753-2BE2-4600-82B8-899016935351}.Debug|Any CPU.Build.0 = Debug|Any CPU
		{ADF8C753-2BE2-4600-82B8-899016935351}.Release|Any CPU.ActiveCfg = Release|Any CPU
		{ADF8C753-2BE2-4600-82B8-899016935351}.Release|Any CPU.Build.0 = Release|Any CPU
		{97E4E961-6A4C-4453-A872-E1D595B6BAA2}.Debug|Any CPU.ActiveCfg = Debug|Any CPU
		{97E4E961-6A4C-4453-A872-E1D595B6BAA2}.Debug|Any CPU.Build.0 = Debug|Any CPU
		{97E4E961-6A4C-4453-A872-E1D595B6BAA2}.Release|Any CPU.ActiveCfg = Release|Any CPU
		{97E4E961-6A4C-4453-A872-E1D595B6BAA2}.Release|Any CPU.Build.0 = Release|Any CPU
		{9E88B888-722F-4E82-8D31-2A87A64919CD}.Debug|Any CPU.ActiveCfg = Debug|Any CPU
		{9E88B888-722F-4E82-8D31-2A87A64919CD}.Debug|Any CPU.Build.0 = Debug|Any CPU
		{9E88B888-722F-4E82-8D31-2A87A64919CD}.Release|Any CPU.ActiveCfg = Release|Any CPU
		{9E88B888-722F-4E82-8D31-2A87A64919CD}.Release|Any CPU.Build.0 = Release|Any CPU
		{9D1F8A87-7381-4DD2-8630-01761B031C76}.Debug|Any CPU.ActiveCfg = Debug|Any CPU
		{9D1F8A87-7381-4DD2-8630-01761B031C76}.Debug|Any CPU.Build.0 = Debug|Any CPU
		{9D1F8A87-7381-4DD2-8630-01761B031C76}.Release|Any CPU.ActiveCfg = Release|Any CPU
		{9D1F8A87-7381-4DD2-8630-01761B031C76}.Release|Any CPU.Build.0 = Release|Any CPU
		{1D7F7C38-699F-43BF-8FFD-F145ECE19C63}.Debug|Any CPU.ActiveCfg = Debug|Any CPU
		{1D7F7C38-699F-43BF-8FFD-F145ECE19C63}.Debug|Any CPU.Build.0 = Debug|Any CPU
		{1D7F7C38-699F-43BF-8FFD-F145ECE19C63}.Release|Any CPU.ActiveCfg = Release|Any CPU
		{1D7F7C38-699F-43BF-8FFD-F145ECE19C63}.Release|Any CPU.Build.0 = Release|Any CPU
		{9D0423E8-A145-4282-9B9F-F13A4E0BCAB1}.Debug|Any CPU.ActiveCfg = Debug|Any CPU
		{9D0423E8-A145-4282-9B9F-F13A4E0BCAB1}.Debug|Any CPU.Build.0 = Debug|Any CPU
		{9D0423E8-A145-4282-9B9F-F13A4E0BCAB1}.Release|Any CPU.ActiveCfg = Release|Any CPU
		{9D0423E8-A145-4282-9B9F-F13A4E0BCAB1}.Release|Any CPU.Build.0 = Release|Any CPU
		{7F64BF28-CC01-4258-9677-C3BADEC53B8C}.Debug|Any CPU.ActiveCfg = Debug|Any CPU
		{7F64BF28-CC01-4258-9677-C3BADEC53B8C}.Debug|Any CPU.Build.0 = Debug|Any CPU
		{7F64BF28-CC01-4258-9677-C3BADEC53B8C}.Release|Any CPU.ActiveCfg = Release|Any CPU
		{7F64BF28-CC01-4258-9677-C3BADEC53B8C}.Release|Any CPU.Build.0 = Release|Any CPU
		{8E05B4A1-9771-4A94-BE9B-EC53480C6630}.Debug|Any CPU.ActiveCfg = Debug|Any CPU
		{8E05B4A1-9771-4A94-BE9B-EC53480C6630}.Debug|Any CPU.Build.0 = Debug|Any CPU
		{8E05B4A1-9771-4A94-BE9B-EC53480C6630}.Release|Any CPU.ActiveCfg = Release|Any CPU
		{8E05B4A1-9771-4A94-BE9B-EC53480C6630}.Release|Any CPU.Build.0 = Release|Any CPU
		{8933D12A-9F0A-4D18-A872-ECFAD2C44B03}.Debug|Any CPU.ActiveCfg = Debug|Any CPU
		{8933D12A-9F0A-4D18-A872-ECFAD2C44B03}.Debug|Any CPU.Build.0 = Debug|Any CPU
		{8933D12A-9F0A-4D18-A872-ECFAD2C44B03}.Release|Any CPU.ActiveCfg = Release|Any CPU
		{8933D12A-9F0A-4D18-A872-ECFAD2C44B03}.Release|Any CPU.Build.0 = Release|Any CPU
		{26EFC886-7CEE-49D8-8E0B-2F3CC3D3063C}.Debug|Any CPU.ActiveCfg = Debug|Any CPU
		{26EFC886-7CEE-49D8-8E0B-2F3CC3D3063C}.Debug|Any CPU.Build.0 = Debug|Any CPU
		{26EFC886-7CEE-49D8-8E0B-2F3CC3D3063C}.Release|Any CPU.ActiveCfg = Release|Any CPU
		{26EFC886-7CEE-49D8-8E0B-2F3CC3D3063C}.Release|Any CPU.Build.0 = Release|Any CPU
		{7AC17972-E903-493E-9402-3F0C8666F700}.Debug|Any CPU.ActiveCfg = Debug|Any CPU
		{7AC17972-E903-493E-9402-3F0C8666F700}.Debug|Any CPU.Build.0 = Debug|Any CPU
		{7AC17972-E903-493E-9402-3F0C8666F700}.Release|Any CPU.ActiveCfg = Release|Any CPU
		{7AC17972-E903-493E-9402-3F0C8666F700}.Release|Any CPU.Build.0 = Release|Any CPU
		{7EE5D8AD-34AE-49EC-ABC1-BF3EE3F06A7F}.Debug|Any CPU.ActiveCfg = Debug|Any CPU
		{7EE5D8AD-34AE-49EC-ABC1-BF3EE3F06A7F}.Debug|Any CPU.Build.0 = Debug|Any CPU
		{7EE5D8AD-34AE-49EC-ABC1-BF3EE3F06A7F}.Release|Any CPU.ActiveCfg = Release|Any CPU
		{7EE5D8AD-34AE-49EC-ABC1-BF3EE3F06A7F}.Release|Any CPU.Build.0 = Release|Any CPU
		{8F780E08-9959-4AD3-A1E3-675636A6AB7D}.Debug|Any CPU.ActiveCfg = Debug|Any CPU
		{8F780E08-9959-4AD3-A1E3-675636A6AB7D}.Debug|Any CPU.Build.0 = Debug|Any CPU
		{8F780E08-9959-4AD3-A1E3-675636A6AB7D}.Release|Any CPU.ActiveCfg = Release|Any CPU
		{8F780E08-9959-4AD3-A1E3-675636A6AB7D}.Release|Any CPU.Build.0 = Release|Any CPU
		{92959093-094F-4141-BC4C-6DC0D5821287}.Debug|Any CPU.ActiveCfg = Debug|Any CPU
		{92959093-094F-4141-BC4C-6DC0D5821287}.Debug|Any CPU.Build.0 = Debug|Any CPU
		{92959093-094F-4141-BC4C-6DC0D5821287}.Release|Any CPU.ActiveCfg = Release|Any CPU
		{92959093-094F-4141-BC4C-6DC0D5821287}.Release|Any CPU.Build.0 = Release|Any CPU
		{93EB6270-D091-427A-8475-F7F841080118}.Debug|Any CPU.ActiveCfg = Debug|Any CPU
		{93EB6270-D091-427A-8475-F7F841080118}.Debug|Any CPU.Build.0 = Debug|Any CPU
		{93EB6270-D091-427A-8475-F7F841080118}.Release|Any CPU.ActiveCfg = Release|Any CPU
		{93EB6270-D091-427A-8475-F7F841080118}.Release|Any CPU.Build.0 = Release|Any CPU
		{C8D034C7-4F24-427C-A37D-0D3A89024003}.Debug|Any CPU.ActiveCfg = Debug|Any CPU
		{C8D034C7-4F24-427C-A37D-0D3A89024003}.Debug|Any CPU.Build.0 = Debug|Any CPU
		{C8D034C7-4F24-427C-A37D-0D3A89024003}.Release|Any CPU.ActiveCfg = Release|Any CPU
		{C8D034C7-4F24-427C-A37D-0D3A89024003}.Release|Any CPU.Build.0 = Release|Any CPU
		{816B8040-F0DB-4240-BA6C-1ACB7868331A}.Debug|Any CPU.ActiveCfg = Debug|Any CPU
		{816B8040-F0DB-4240-BA6C-1ACB7868331A}.Debug|Any CPU.Build.0 = Debug|Any CPU
		{816B8040-F0DB-4240-BA6C-1ACB7868331A}.Release|Any CPU.ActiveCfg = Release|Any CPU
		{816B8040-F0DB-4240-BA6C-1ACB7868331A}.Release|Any CPU.Build.0 = Release|Any CPU
		{1604EC11-9D15-4CBF-AEC4-B8682F7F882B}.Debug|Any CPU.ActiveCfg = Debug|Any CPU
		{1604EC11-9D15-4CBF-AEC4-B8682F7F882B}.Debug|Any CPU.Build.0 = Debug|Any CPU
		{1604EC11-9D15-4CBF-AEC4-B8682F7F882B}.Release|Any CPU.ActiveCfg = Release|Any CPU
		{1604EC11-9D15-4CBF-AEC4-B8682F7F882B}.Release|Any CPU.Build.0 = Release|Any CPU
		{07BED6B9-6279-4A52-A963-890E12CFBCC9}.Debug|Any CPU.ActiveCfg = Debug|Any CPU
		{07BED6B9-6279-4A52-A963-890E12CFBCC9}.Debug|Any CPU.Build.0 = Debug|Any CPU
		{07BED6B9-6279-4A52-A963-890E12CFBCC9}.Release|Any CPU.ActiveCfg = Release|Any CPU
		{07BED6B9-6279-4A52-A963-890E12CFBCC9}.Release|Any CPU.Build.0 = Release|Any CPU
		{8E46B650-CAEF-4217-8F26-2B479CB08BDB}.Debug|Any CPU.ActiveCfg = Debug|Any CPU
		{8E46B650-CAEF-4217-8F26-2B479CB08BDB}.Debug|Any CPU.Build.0 = Debug|Any CPU
		{8E46B650-CAEF-4217-8F26-2B479CB08BDB}.Release|Any CPU.ActiveCfg = Release|Any CPU
		{8E46B650-CAEF-4217-8F26-2B479CB08BDB}.Release|Any CPU.Build.0 = Release|Any CPU
		{6651F827-6828-499F-9213-B57B3423E445}.Debug|Any CPU.ActiveCfg = Debug|Any CPU
		{6651F827-6828-499F-9213-B57B3423E445}.Debug|Any CPU.Build.0 = Debug|Any CPU
		{6651F827-6828-499F-9213-B57B3423E445}.Release|Any CPU.ActiveCfg = Release|Any CPU
		{6651F827-6828-499F-9213-B57B3423E445}.Release|Any CPU.Build.0 = Release|Any CPU
		{7EB87C2C-9819-4D32-A0BC-E7F06051169E}.Debug|Any CPU.ActiveCfg = Debug|Any CPU
		{7EB87C2C-9819-4D32-A0BC-E7F06051169E}.Debug|Any CPU.Build.0 = Debug|Any CPU
		{7EB87C2C-9819-4D32-A0BC-E7F06051169E}.Release|Any CPU.ActiveCfg = Release|Any CPU
		{7EB87C2C-9819-4D32-A0BC-E7F06051169E}.Release|Any CPU.Build.0 = Release|Any CPU
		{1A9BE4C1-9694-40CF-B17D-F72410D01C7C}.Debug|Any CPU.ActiveCfg = Debug|Any CPU
		{1A9BE4C1-9694-40CF-B17D-F72410D01C7C}.Debug|Any CPU.Build.0 = Debug|Any CPU
		{1A9BE4C1-9694-40CF-B17D-F72410D01C7C}.Release|Any CPU.ActiveCfg = Release|Any CPU
		{1A9BE4C1-9694-40CF-B17D-F72410D01C7C}.Release|Any CPU.Build.0 = Release|Any CPU
		{B9003837-7B1C-45CA-9EA4-4A99C8501787}.Debug|Any CPU.ActiveCfg = Debug|Any CPU
		{B9003837-7B1C-45CA-9EA4-4A99C8501787}.Debug|Any CPU.Build.0 = Debug|Any CPU
		{B9003837-7B1C-45CA-9EA4-4A99C8501787}.Release|Any CPU.ActiveCfg = Release|Any CPU
		{B9003837-7B1C-45CA-9EA4-4A99C8501787}.Release|Any CPU.Build.0 = Release|Any CPU
		{739A4844-A1D4-4D0D-9192-8E42D03E15D5}.Debug|Any CPU.ActiveCfg = Debug|Any CPU
		{739A4844-A1D4-4D0D-9192-8E42D03E15D5}.Debug|Any CPU.Build.0 = Debug|Any CPU
		{739A4844-A1D4-4D0D-9192-8E42D03E15D5}.Release|Any CPU.ActiveCfg = Release|Any CPU
		{739A4844-A1D4-4D0D-9192-8E42D03E15D5}.Release|Any CPU.Build.0 = Release|Any CPU
		{D3A855CA-EF3A-466D-8BCD-70401F4E9D81}.Debug|Any CPU.ActiveCfg = Debug|Any CPU
		{D3A855CA-EF3A-466D-8BCD-70401F4E9D81}.Debug|Any CPU.Build.0 = Debug|Any CPU
		{D3A855CA-EF3A-466D-8BCD-70401F4E9D81}.Release|Any CPU.ActiveCfg = Release|Any CPU
		{D3A855CA-EF3A-466D-8BCD-70401F4E9D81}.Release|Any CPU.Build.0 = Release|Any CPU
		{D978A988-089F-4104-84FD-E7CC1561A8A4}.Debug|Any CPU.ActiveCfg = Debug|Any CPU
		{D978A988-089F-4104-84FD-E7CC1561A8A4}.Debug|Any CPU.Build.0 = Debug|Any CPU
		{D978A988-089F-4104-84FD-E7CC1561A8A4}.Release|Any CPU.ActiveCfg = Release|Any CPU
		{D978A988-089F-4104-84FD-E7CC1561A8A4}.Release|Any CPU.Build.0 = Release|Any CPU
		{9071539A-7F1C-4DF9-854E-47102EB8FA54}.Debug|Any CPU.ActiveCfg = Debug|Any CPU
		{9071539A-7F1C-4DF9-854E-47102EB8FA54}.Debug|Any CPU.Build.0 = Debug|Any CPU
		{9071539A-7F1C-4DF9-854E-47102EB8FA54}.Release|Any CPU.ActiveCfg = Release|Any CPU
		{9071539A-7F1C-4DF9-854E-47102EB8FA54}.Release|Any CPU.Build.0 = Release|Any CPU
		{FE94FA62-23A1-4003-9DAE-368FE75DDDDE}.Debug|Any CPU.ActiveCfg = Debug|Any CPU
		{FE94FA62-23A1-4003-9DAE-368FE75DDDDE}.Debug|Any CPU.Build.0 = Debug|Any CPU
		{FE94FA62-23A1-4003-9DAE-368FE75DDDDE}.Release|Any CPU.ActiveCfg = Release|Any CPU
		{FE94FA62-23A1-4003-9DAE-368FE75DDDDE}.Release|Any CPU.Build.0 = Release|Any CPU
		{EAAA807F-C2F4-447D-90D2-05A780EB4C21}.Debug|Any CPU.ActiveCfg = Debug|Any CPU
		{EAAA807F-C2F4-447D-90D2-05A780EB4C21}.Debug|Any CPU.Build.0 = Debug|Any CPU
		{EAAA807F-C2F4-447D-90D2-05A780EB4C21}.Release|Any CPU.ActiveCfg = Release|Any CPU
		{EAAA807F-C2F4-447D-90D2-05A780EB4C21}.Release|Any CPU.Build.0 = Release|Any CPU
		{56E23AC8-86CB-4DA0-869C-38832A2FE144}.Debug|Any CPU.ActiveCfg = Debug|Any CPU
		{56E23AC8-86CB-4DA0-869C-38832A2FE144}.Debug|Any CPU.Build.0 = Debug|Any CPU
		{56E23AC8-86CB-4DA0-869C-38832A2FE144}.Release|Any CPU.ActiveCfg = Release|Any CPU
		{56E23AC8-86CB-4DA0-869C-38832A2FE144}.Release|Any CPU.Build.0 = Release|Any CPU
		{BE3383A6-664D-4BC3-B3AA-A62BE188B736}.Debug|Any CPU.ActiveCfg = Debug|Any CPU
		{BE3383A6-664D-4BC3-B3AA-A62BE188B736}.Debug|Any CPU.Build.0 = Debug|Any CPU
		{BE3383A6-664D-4BC3-B3AA-A62BE188B736}.Release|Any CPU.ActiveCfg = Release|Any CPU
		{BE3383A6-664D-4BC3-B3AA-A62BE188B736}.Release|Any CPU.Build.0 = Release|Any CPU
		{6D4C6DDF-EB35-4F2A-A6CD-EEF4906E793B}.Debug|Any CPU.ActiveCfg = Debug|Any CPU
		{6D4C6DDF-EB35-4F2A-A6CD-EEF4906E793B}.Debug|Any CPU.Build.0 = Debug|Any CPU
		{6D4C6DDF-EB35-4F2A-A6CD-EEF4906E793B}.Release|Any CPU.ActiveCfg = Release|Any CPU
		{6D4C6DDF-EB35-4F2A-A6CD-EEF4906E793B}.Release|Any CPU.Build.0 = Release|Any CPU
		{35EFB7F1-0BBC-4A35-B0D7-C038E56ADA4F}.Debug|Any CPU.ActiveCfg = Debug|Any CPU
		{35EFB7F1-0BBC-4A35-B0D7-C038E56ADA4F}.Debug|Any CPU.Build.0 = Debug|Any CPU
		{35EFB7F1-0BBC-4A35-B0D7-C038E56ADA4F}.Release|Any CPU.ActiveCfg = Release|Any CPU
		{35EFB7F1-0BBC-4A35-B0D7-C038E56ADA4F}.Release|Any CPU.Build.0 = Release|Any CPU
		{53AB1843-B406-4B9B-9C5E-D5D1198A9809}.Debug|Any CPU.ActiveCfg = Debug|Any CPU
		{53AB1843-B406-4B9B-9C5E-D5D1198A9809}.Debug|Any CPU.Build.0 = Debug|Any CPU
		{53AB1843-B406-4B9B-9C5E-D5D1198A9809}.Release|Any CPU.ActiveCfg = Release|Any CPU
		{53AB1843-B406-4B9B-9C5E-D5D1198A9809}.Release|Any CPU.Build.0 = Release|Any CPU
		{9B2E2549-39A5-43E7-B9C2-BF3BBBA8CAD6}.Debug|Any CPU.ActiveCfg = Debug|Any CPU
		{9B2E2549-39A5-43E7-B9C2-BF3BBBA8CAD6}.Debug|Any CPU.Build.0 = Debug|Any CPU
		{9B2E2549-39A5-43E7-B9C2-BF3BBBA8CAD6}.Release|Any CPU.ActiveCfg = Release|Any CPU
		{9B2E2549-39A5-43E7-B9C2-BF3BBBA8CAD6}.Release|Any CPU.Build.0 = Release|Any CPU
		{08FD8D16-FCD7-42BF-B8C2-2EC74CE9443C}.Debug|Any CPU.ActiveCfg = Debug|Any CPU
		{08FD8D16-FCD7-42BF-B8C2-2EC74CE9443C}.Debug|Any CPU.Build.0 = Debug|Any CPU
		{08FD8D16-FCD7-42BF-B8C2-2EC74CE9443C}.Release|Any CPU.ActiveCfg = Release|Any CPU
		{08FD8D16-FCD7-42BF-B8C2-2EC74CE9443C}.Release|Any CPU.Build.0 = Release|Any CPU
		{712FAAE2-7B22-4769-AB45-71FE33C197F6}.Debug|Any CPU.ActiveCfg = Debug|Any CPU
		{712FAAE2-7B22-4769-AB45-71FE33C197F6}.Debug|Any CPU.Build.0 = Debug|Any CPU
		{712FAAE2-7B22-4769-AB45-71FE33C197F6}.Release|Any CPU.ActiveCfg = Release|Any CPU
		{712FAAE2-7B22-4769-AB45-71FE33C197F6}.Release|Any CPU.Build.0 = Release|Any CPU
		{2AE7CD66-769F-40DE-B6A8-2CD90A086E22}.Debug|Any CPU.ActiveCfg = Debug|Any CPU
		{2AE7CD66-769F-40DE-B6A8-2CD90A086E22}.Debug|Any CPU.Build.0 = Debug|Any CPU
		{2AE7CD66-769F-40DE-B6A8-2CD90A086E22}.Release|Any CPU.ActiveCfg = Release|Any CPU
		{2AE7CD66-769F-40DE-B6A8-2CD90A086E22}.Release|Any CPU.Build.0 = Release|Any CPU
		{2A19CED1-C858-403A-8E0E-CF76AC6B9F95}.Debug|Any CPU.ActiveCfg = Debug|Any CPU
		{2A19CED1-C858-403A-8E0E-CF76AC6B9F95}.Debug|Any CPU.Build.0 = Debug|Any CPU
		{2A19CED1-C858-403A-8E0E-CF76AC6B9F95}.Release|Any CPU.ActiveCfg = Release|Any CPU
		{2A19CED1-C858-403A-8E0E-CF76AC6B9F95}.Release|Any CPU.Build.0 = Release|Any CPU
		{68C02F45-CCE4-4C11-B036-33612CB88638}.Debug|Any CPU.ActiveCfg = Debug|Any CPU
		{68C02F45-CCE4-4C11-B036-33612CB88638}.Debug|Any CPU.Build.0 = Debug|Any CPU
		{68C02F45-CCE4-4C11-B036-33612CB88638}.Release|Any CPU.ActiveCfg = Release|Any CPU
		{68C02F45-CCE4-4C11-B036-33612CB88638}.Release|Any CPU.Build.0 = Release|Any CPU
		{38936F19-D842-4BC8-B2D7-30AC06536378}.Debug|Any CPU.ActiveCfg = Debug|Any CPU
		{38936F19-D842-4BC8-B2D7-30AC06536378}.Debug|Any CPU.Build.0 = Debug|Any CPU
		{38936F19-D842-4BC8-B2D7-30AC06536378}.Release|Any CPU.ActiveCfg = Release|Any CPU
		{38936F19-D842-4BC8-B2D7-30AC06536378}.Release|Any CPU.Build.0 = Release|Any CPU
		{EB74EE6E-3378-4664-849E-DA146E5A8460}.Debug|Any CPU.ActiveCfg = Debug|Any CPU
		{EB74EE6E-3378-4664-849E-DA146E5A8460}.Debug|Any CPU.Build.0 = Debug|Any CPU
		{EB74EE6E-3378-4664-849E-DA146E5A8460}.Release|Any CPU.ActiveCfg = Release|Any CPU
		{EB74EE6E-3378-4664-849E-DA146E5A8460}.Release|Any CPU.Build.0 = Release|Any CPU
		{6C637A03-0CAB-4847-8C25-8EF8A0ACDBCE}.Debug|Any CPU.ActiveCfg = Debug|Any CPU
		{6C637A03-0CAB-4847-8C25-8EF8A0ACDBCE}.Debug|Any CPU.Build.0 = Debug|Any CPU
		{6C637A03-0CAB-4847-8C25-8EF8A0ACDBCE}.Release|Any CPU.ActiveCfg = Release|Any CPU
		{6C637A03-0CAB-4847-8C25-8EF8A0ACDBCE}.Release|Any CPU.Build.0 = Release|Any CPU
		{AC96F4D3-AC83-44C5-A4E5-D41FDCAE9742}.Debug|Any CPU.ActiveCfg = Debug|Any CPU
		{AC96F4D3-AC83-44C5-A4E5-D41FDCAE9742}.Debug|Any CPU.Build.0 = Debug|Any CPU
		{AC96F4D3-AC83-44C5-A4E5-D41FDCAE9742}.Release|Any CPU.ActiveCfg = Release|Any CPU
		{AC96F4D3-AC83-44C5-A4E5-D41FDCAE9742}.Release|Any CPU.Build.0 = Release|Any CPU
		{9A88E7E1-D0C8-4D33-8F27-BCF1A1B72181}.Debug|Any CPU.ActiveCfg = Debug|Any CPU
		{9A88E7E1-D0C8-4D33-8F27-BCF1A1B72181}.Debug|Any CPU.Build.0 = Debug|Any CPU
		{9A88E7E1-D0C8-4D33-8F27-BCF1A1B72181}.Release|Any CPU.ActiveCfg = Release|Any CPU
		{9A88E7E1-D0C8-4D33-8F27-BCF1A1B72181}.Release|Any CPU.Build.0 = Release|Any CPU
		{FD401366-27A1-40C5-BEBD-A9E68ABEBBEC}.Debug|Any CPU.ActiveCfg = Debug|Any CPU
		{FD401366-27A1-40C5-BEBD-A9E68ABEBBEC}.Debug|Any CPU.Build.0 = Debug|Any CPU
		{FD401366-27A1-40C5-BEBD-A9E68ABEBBEC}.Release|Any CPU.ActiveCfg = Release|Any CPU
		{FD401366-27A1-40C5-BEBD-A9E68ABEBBEC}.Release|Any CPU.Build.0 = Release|Any CPU
		{8C3617C2-D088-4FE3-8ACE-BAF1383DDB97}.Debug|Any CPU.ActiveCfg = Debug|Any CPU
		{8C3617C2-D088-4FE3-8ACE-BAF1383DDB97}.Debug|Any CPU.Build.0 = Debug|Any CPU
		{8C3617C2-D088-4FE3-8ACE-BAF1383DDB97}.Release|Any CPU.ActiveCfg = Release|Any CPU
		{8C3617C2-D088-4FE3-8ACE-BAF1383DDB97}.Release|Any CPU.Build.0 = Release|Any CPU
		{3868006C-20A4-4E58-A951-69D01FE5DA5F}.Debug|Any CPU.ActiveCfg = Debug|Any CPU
		{3868006C-20A4-4E58-A951-69D01FE5DA5F}.Debug|Any CPU.Build.0 = Debug|Any CPU
		{3868006C-20A4-4E58-A951-69D01FE5DA5F}.Release|Any CPU.ActiveCfg = Release|Any CPU
		{3868006C-20A4-4E58-A951-69D01FE5DA5F}.Release|Any CPU.Build.0 = Release|Any CPU
		{0D9A1F1B-522B-4699-86B9-72D87B962FAA}.Debug|Any CPU.ActiveCfg = Debug|Any CPU
		{0D9A1F1B-522B-4699-86B9-72D87B962FAA}.Debug|Any CPU.Build.0 = Debug|Any CPU
		{0D9A1F1B-522B-4699-86B9-72D87B962FAA}.Release|Any CPU.ActiveCfg = Release|Any CPU
		{0D9A1F1B-522B-4699-86B9-72D87B962FAA}.Release|Any CPU.Build.0 = Release|Any CPU
		{E09B64C9-C3B1-4C43-98E8-A33A9C123EE2}.Debug|Any CPU.ActiveCfg = Debug|Any CPU
		{E09B64C9-C3B1-4C43-98E8-A33A9C123EE2}.Debug|Any CPU.Build.0 = Debug|Any CPU
		{E09B64C9-C3B1-4C43-98E8-A33A9C123EE2}.Release|Any CPU.ActiveCfg = Release|Any CPU
		{E09B64C9-C3B1-4C43-98E8-A33A9C123EE2}.Release|Any CPU.Build.0 = Release|Any CPU
		{1BCE9386-4B91-4C10-B4BE-7B3F57F49A94}.Debug|Any CPU.ActiveCfg = Debug|Any CPU
		{1BCE9386-4B91-4C10-B4BE-7B3F57F49A94}.Debug|Any CPU.Build.0 = Debug|Any CPU
		{1BCE9386-4B91-4C10-B4BE-7B3F57F49A94}.Release|Any CPU.ActiveCfg = Release|Any CPU
		{1BCE9386-4B91-4C10-B4BE-7B3F57F49A94}.Release|Any CPU.Build.0 = Release|Any CPU
		{843DF7DE-B897-4E5A-A8CE-6F4F34026B0F}.Debug|Any CPU.ActiveCfg = Debug|Any CPU
		{843DF7DE-B897-4E5A-A8CE-6F4F34026B0F}.Debug|Any CPU.Build.0 = Debug|Any CPU
		{843DF7DE-B897-4E5A-A8CE-6F4F34026B0F}.Release|Any CPU.ActiveCfg = Release|Any CPU
		{843DF7DE-B897-4E5A-A8CE-6F4F34026B0F}.Release|Any CPU.Build.0 = Release|Any CPU
		{172296B9-C621-4E3F-8B38-39C06DA01BA1}.Debug|Any CPU.ActiveCfg = Debug|Any CPU
		{172296B9-C621-4E3F-8B38-39C06DA01BA1}.Debug|Any CPU.Build.0 = Debug|Any CPU
		{172296B9-C621-4E3F-8B38-39C06DA01BA1}.Release|Any CPU.ActiveCfg = Release|Any CPU
		{172296B9-C621-4E3F-8B38-39C06DA01BA1}.Release|Any CPU.Build.0 = Release|Any CPU
		{9386D9E4-ACB9-4DE6-80F0-58B914BF611D}.Debug|Any CPU.ActiveCfg = Debug|Any CPU
		{9386D9E4-ACB9-4DE6-80F0-58B914BF611D}.Debug|Any CPU.Build.0 = Debug|Any CPU
		{9386D9E4-ACB9-4DE6-80F0-58B914BF611D}.Release|Any CPU.ActiveCfg = Release|Any CPU
		{9386D9E4-ACB9-4DE6-80F0-58B914BF611D}.Release|Any CPU.Build.0 = Release|Any CPU
		{B354E765-B861-4DCF-8AC9-C4466EF722B5}.Debug|Any CPU.ActiveCfg = Debug|Any CPU
		{B354E765-B861-4DCF-8AC9-C4466EF722B5}.Debug|Any CPU.Build.0 = Debug|Any CPU
		{B354E765-B861-4DCF-8AC9-C4466EF722B5}.Release|Any CPU.ActiveCfg = Release|Any CPU
		{B354E765-B861-4DCF-8AC9-C4466EF722B5}.Release|Any CPU.Build.0 = Release|Any CPU
		{B3FB52BE-1B9E-402A-91C3-7C005B69F456}.Debug|Any CPU.ActiveCfg = Debug|Any CPU
		{B3FB52BE-1B9E-402A-91C3-7C005B69F456}.Debug|Any CPU.Build.0 = Debug|Any CPU
		{B3FB52BE-1B9E-402A-91C3-7C005B69F456}.Release|Any CPU.ActiveCfg = Release|Any CPU
		{B3FB52BE-1B9E-402A-91C3-7C005B69F456}.Release|Any CPU.Build.0 = Release|Any CPU
		{F2D5A1FC-2A36-4B9F-A5B4-9160CB6288DA}.Debug|Any CPU.ActiveCfg = Debug|Any CPU
		{F2D5A1FC-2A36-4B9F-A5B4-9160CB6288DA}.Debug|Any CPU.Build.0 = Debug|Any CPU
		{F2D5A1FC-2A36-4B9F-A5B4-9160CB6288DA}.Release|Any CPU.ActiveCfg = Release|Any CPU
		{F2D5A1FC-2A36-4B9F-A5B4-9160CB6288DA}.Release|Any CPU.Build.0 = Release|Any CPU
		{111880DE-0D84-4C5B-B494-A5DBEF1ED6E7}.Debug|Any CPU.ActiveCfg = Debug|Any CPU
		{111880DE-0D84-4C5B-B494-A5DBEF1ED6E7}.Debug|Any CPU.Build.0 = Debug|Any CPU
		{111880DE-0D84-4C5B-B494-A5DBEF1ED6E7}.Release|Any CPU.ActiveCfg = Release|Any CPU
		{111880DE-0D84-4C5B-B494-A5DBEF1ED6E7}.Release|Any CPU.Build.0 = Release|Any CPU
		{C8886EED-E678-4BBA-B064-4D16839368A4}.Debug|Any CPU.ActiveCfg = Debug|Any CPU
		{C8886EED-E678-4BBA-B064-4D16839368A4}.Debug|Any CPU.Build.0 = Debug|Any CPU
		{C8886EED-E678-4BBA-B064-4D16839368A4}.Release|Any CPU.ActiveCfg = Release|Any CPU
		{C8886EED-E678-4BBA-B064-4D16839368A4}.Release|Any CPU.Build.0 = Release|Any CPU
		{235C4C56-6EDB-441C-9D0E-0DEA27140639}.Debug|Any CPU.ActiveCfg = Debug|Any CPU
		{235C4C56-6EDB-441C-9D0E-0DEA27140639}.Debug|Any CPU.Build.0 = Debug|Any CPU
		{235C4C56-6EDB-441C-9D0E-0DEA27140639}.Release|Any CPU.ActiveCfg = Release|Any CPU
		{235C4C56-6EDB-441C-9D0E-0DEA27140639}.Release|Any CPU.Build.0 = Release|Any CPU
		{F339768F-6FEE-4260-9700-27B101B803F5}.Debug|Any CPU.ActiveCfg = Debug|Any CPU
		{F339768F-6FEE-4260-9700-27B101B803F5}.Debug|Any CPU.Build.0 = Debug|Any CPU
		{F339768F-6FEE-4260-9700-27B101B803F5}.Release|Any CPU.ActiveCfg = Release|Any CPU
		{F339768F-6FEE-4260-9700-27B101B803F5}.Release|Any CPU.Build.0 = Release|Any CPU
		{A1E307A0-A9E0-49EA-95B4-576B17E2726B}.Debug|Any CPU.ActiveCfg = Debug|Any CPU
		{A1E307A0-A9E0-49EA-95B4-576B17E2726B}.Debug|Any CPU.Build.0 = Debug|Any CPU
		{A1E307A0-A9E0-49EA-95B4-576B17E2726B}.Release|Any CPU.ActiveCfg = Release|Any CPU
		{A1E307A0-A9E0-49EA-95B4-576B17E2726B}.Release|Any CPU.Build.0 = Release|Any CPU
		{8474431B-4F73-47C2-9914-CB408F533B98}.Debug|Any CPU.ActiveCfg = Debug|Any CPU
		{8474431B-4F73-47C2-9914-CB408F533B98}.Debug|Any CPU.Build.0 = Debug|Any CPU
		{8474431B-4F73-47C2-9914-CB408F533B98}.Release|Any CPU.ActiveCfg = Release|Any CPU
		{8474431B-4F73-47C2-9914-CB408F533B98}.Release|Any CPU.Build.0 = Release|Any CPU
		{257E315C-0E7B-4174-A193-7FD98344E04D}.Debug|Any CPU.ActiveCfg = Debug|Any CPU
		{257E315C-0E7B-4174-A193-7FD98344E04D}.Debug|Any CPU.Build.0 = Debug|Any CPU
		{257E315C-0E7B-4174-A193-7FD98344E04D}.Release|Any CPU.ActiveCfg = Release|Any CPU
		{257E315C-0E7B-4174-A193-7FD98344E04D}.Release|Any CPU.Build.0 = Release|Any CPU
		{B4377398-DC46-455F-8747-04F28DF13B36}.Debug|Any CPU.ActiveCfg = Debug|Any CPU
		{B4377398-DC46-455F-8747-04F28DF13B36}.Debug|Any CPU.Build.0 = Debug|Any CPU
		{B4377398-DC46-455F-8747-04F28DF13B36}.Release|Any CPU.ActiveCfg = Release|Any CPU
		{B4377398-DC46-455F-8747-04F28DF13B36}.Release|Any CPU.Build.0 = Release|Any CPU
		{215FD5DA-97A7-4CB9-9587-5AACCA250A24}.Debug|Any CPU.ActiveCfg = Debug|Any CPU
		{215FD5DA-97A7-4CB9-9587-5AACCA250A24}.Debug|Any CPU.Build.0 = Debug|Any CPU
		{215FD5DA-97A7-4CB9-9587-5AACCA250A24}.Release|Any CPU.ActiveCfg = Release|Any CPU
		{215FD5DA-97A7-4CB9-9587-5AACCA250A24}.Release|Any CPU.Build.0 = Release|Any CPU
		{FC33347B-0C48-43F6-B805-4BDDA9B77728}.Debug|Any CPU.ActiveCfg = Debug|Any CPU
		{FC33347B-0C48-43F6-B805-4BDDA9B77728}.Debug|Any CPU.Build.0 = Debug|Any CPU
		{FC33347B-0C48-43F6-B805-4BDDA9B77728}.Release|Any CPU.ActiveCfg = Release|Any CPU
		{FC33347B-0C48-43F6-B805-4BDDA9B77728}.Release|Any CPU.Build.0 = Release|Any CPU
		{6C23CD79-D85F-4E63-9B84-DBAF12EA40F0}.Debug|Any CPU.ActiveCfg = Debug|Any CPU
		{6C23CD79-D85F-4E63-9B84-DBAF12EA40F0}.Debug|Any CPU.Build.0 = Debug|Any CPU
		{6C23CD79-D85F-4E63-9B84-DBAF12EA40F0}.Release|Any CPU.ActiveCfg = Release|Any CPU
		{6C23CD79-D85F-4E63-9B84-DBAF12EA40F0}.Release|Any CPU.Build.0 = Release|Any CPU
		{27D6206F-02DE-4C18-A09A-9F24A1D9A4F9}.Debug|Any CPU.ActiveCfg = Debug|Any CPU
		{27D6206F-02DE-4C18-A09A-9F24A1D9A4F9}.Debug|Any CPU.Build.0 = Debug|Any CPU
		{27D6206F-02DE-4C18-A09A-9F24A1D9A4F9}.Release|Any CPU.ActiveCfg = Release|Any CPU
		{27D6206F-02DE-4C18-A09A-9F24A1D9A4F9}.Release|Any CPU.Build.0 = Release|Any CPU
		{859190BF-D82C-4529-AF5F-2DEE9BC6FB04}.Debug|Any CPU.ActiveCfg = Debug|Any CPU
		{859190BF-D82C-4529-AF5F-2DEE9BC6FB04}.Debug|Any CPU.Build.0 = Debug|Any CPU
		{859190BF-D82C-4529-AF5F-2DEE9BC6FB04}.Release|Any CPU.ActiveCfg = Release|Any CPU
		{859190BF-D82C-4529-AF5F-2DEE9BC6FB04}.Release|Any CPU.Build.0 = Release|Any CPU
		{71459B92-17BE-4664-B755-9F1B384FB391}.Debug|Any CPU.ActiveCfg = Debug|Any CPU
		{71459B92-17BE-4664-B755-9F1B384FB391}.Debug|Any CPU.Build.0 = Debug|Any CPU
		{71459B92-17BE-4664-B755-9F1B384FB391}.Release|Any CPU.ActiveCfg = Release|Any CPU
		{71459B92-17BE-4664-B755-9F1B384FB391}.Release|Any CPU.Build.0 = Release|Any CPU
		{8BBABF10-447C-44F2-BF23-E51970A22EDF}.Debug|Any CPU.ActiveCfg = Debug|Any CPU
		{8BBABF10-447C-44F2-BF23-E51970A22EDF}.Debug|Any CPU.Build.0 = Debug|Any CPU
		{8BBABF10-447C-44F2-BF23-E51970A22EDF}.Release|Any CPU.ActiveCfg = Release|Any CPU
		{8BBABF10-447C-44F2-BF23-E51970A22EDF}.Release|Any CPU.Build.0 = Release|Any CPU
		{96029758-A08A-4D6F-9964-8B3F09B50D1F}.Debug|Any CPU.ActiveCfg = Debug|Any CPU
		{96029758-A08A-4D6F-9964-8B3F09B50D1F}.Debug|Any CPU.Build.0 = Debug|Any CPU
		{96029758-A08A-4D6F-9964-8B3F09B50D1F}.Release|Any CPU.ActiveCfg = Release|Any CPU
		{96029758-A08A-4D6F-9964-8B3F09B50D1F}.Release|Any CPU.Build.0 = Release|Any CPU
		{BECD067C-AE3F-496D-B1BE-8EDFBE9E2622}.Debug|Any CPU.ActiveCfg = Debug|Any CPU
		{BECD067C-AE3F-496D-B1BE-8EDFBE9E2622}.Debug|Any CPU.Build.0 = Debug|Any CPU
		{BECD067C-AE3F-496D-B1BE-8EDFBE9E2622}.Release|Any CPU.ActiveCfg = Release|Any CPU
		{BECD067C-AE3F-496D-B1BE-8EDFBE9E2622}.Release|Any CPU.Build.0 = Release|Any CPU
		{B95FDBD2-4BE2-4DD8-9B47-050C84B1949C}.Debug|Any CPU.ActiveCfg = Debug|Any CPU
		{B95FDBD2-4BE2-4DD8-9B47-050C84B1949C}.Debug|Any CPU.Build.0 = Debug|Any CPU
		{B95FDBD2-4BE2-4DD8-9B47-050C84B1949C}.Release|Any CPU.ActiveCfg = Release|Any CPU
		{B95FDBD2-4BE2-4DD8-9B47-050C84B1949C}.Release|Any CPU.Build.0 = Release|Any CPU
		{269B3585-EFC7-4F8A-9719-22C6C0D6B612}.Debug|Any CPU.ActiveCfg = Debug|Any CPU
		{269B3585-EFC7-4F8A-9719-22C6C0D6B612}.Debug|Any CPU.Build.0 = Debug|Any CPU
		{269B3585-EFC7-4F8A-9719-22C6C0D6B612}.Release|Any CPU.ActiveCfg = Release|Any CPU
		{269B3585-EFC7-4F8A-9719-22C6C0D6B612}.Release|Any CPU.Build.0 = Release|Any CPU
		{99EBA39E-50A6-4FEC-B18C-AAFF1E697D3C}.Debug|Any CPU.ActiveCfg = Debug|Any CPU
		{99EBA39E-50A6-4FEC-B18C-AAFF1E697D3C}.Debug|Any CPU.Build.0 = Debug|Any CPU
		{99EBA39E-50A6-4FEC-B18C-AAFF1E697D3C}.Release|Any CPU.ActiveCfg = Release|Any CPU
		{99EBA39E-50A6-4FEC-B18C-AAFF1E697D3C}.Release|Any CPU.Build.0 = Release|Any CPU
		{3B3434BF-C066-41E6-8370-8979068212B7}.Debug|Any CPU.ActiveCfg = Debug|Any CPU
		{3B3434BF-C066-41E6-8370-8979068212B7}.Debug|Any CPU.Build.0 = Debug|Any CPU
		{3B3434BF-C066-41E6-8370-8979068212B7}.Release|Any CPU.ActiveCfg = Release|Any CPU
		{3B3434BF-C066-41E6-8370-8979068212B7}.Release|Any CPU.Build.0 = Release|Any CPU
		{76C80787-CDCA-430F-8A2B-EE5798A1319D}.Debug|Any CPU.ActiveCfg = Debug|Any CPU
		{76C80787-CDCA-430F-8A2B-EE5798A1319D}.Debug|Any CPU.Build.0 = Debug|Any CPU
		{76C80787-CDCA-430F-8A2B-EE5798A1319D}.Release|Any CPU.ActiveCfg = Release|Any CPU
		{76C80787-CDCA-430F-8A2B-EE5798A1319D}.Release|Any CPU.Build.0 = Release|Any CPU
		{10F4705D-DE70-4D20-BC98-6C372F434128}.Debug|Any CPU.ActiveCfg = Debug|Any CPU
		{10F4705D-DE70-4D20-BC98-6C372F434128}.Debug|Any CPU.Build.0 = Debug|Any CPU
		{10F4705D-DE70-4D20-BC98-6C372F434128}.Release|Any CPU.ActiveCfg = Release|Any CPU
		{10F4705D-DE70-4D20-BC98-6C372F434128}.Release|Any CPU.Build.0 = Release|Any CPU
		{39BB034C-79B5-4615-BD19-05281615FE62}.Debug|Any CPU.ActiveCfg = Debug|Any CPU
		{39BB034C-79B5-4615-BD19-05281615FE62}.Debug|Any CPU.Build.0 = Debug|Any CPU
		{39BB034C-79B5-4615-BD19-05281615FE62}.Release|Any CPU.ActiveCfg = Release|Any CPU
		{39BB034C-79B5-4615-BD19-05281615FE62}.Release|Any CPU.Build.0 = Release|Any CPU
		{722709EA-C1BB-4EDF-87DC-22D6BA952252}.Debug|Any CPU.ActiveCfg = Debug|Any CPU
		{722709EA-C1BB-4EDF-87DC-22D6BA952252}.Debug|Any CPU.Build.0 = Debug|Any CPU
		{722709EA-C1BB-4EDF-87DC-22D6BA952252}.Release|Any CPU.ActiveCfg = Release|Any CPU
		{722709EA-C1BB-4EDF-87DC-22D6BA952252}.Release|Any CPU.Build.0 = Release|Any CPU
		{0FA50424-22F5-483C-8D8A-3FCBCF4C36D0}.Debug|Any CPU.ActiveCfg = Debug|Any CPU
		{0FA50424-22F5-483C-8D8A-3FCBCF4C36D0}.Debug|Any CPU.Build.0 = Debug|Any CPU
		{0FA50424-22F5-483C-8D8A-3FCBCF4C36D0}.Release|Any CPU.ActiveCfg = Release|Any CPU
		{0FA50424-22F5-483C-8D8A-3FCBCF4C36D0}.Release|Any CPU.Build.0 = Release|Any CPU
		{2F73467A-DC83-45EC-9E36-489275157C80}.Debug|Any CPU.ActiveCfg = Debug|Any CPU
		{2F73467A-DC83-45EC-9E36-489275157C80}.Debug|Any CPU.Build.0 = Debug|Any CPU
		{2F73467A-DC83-45EC-9E36-489275157C80}.Release|Any CPU.ActiveCfg = Release|Any CPU
		{2F73467A-DC83-45EC-9E36-489275157C80}.Release|Any CPU.Build.0 = Release|Any CPU
		{282E952E-D047-4304-9CC8-F3600A1B20AB}.Debug|Any CPU.ActiveCfg = Debug|Any CPU
		{282E952E-D047-4304-9CC8-F3600A1B20AB}.Debug|Any CPU.Build.0 = Debug|Any CPU
		{282E952E-D047-4304-9CC8-F3600A1B20AB}.Release|Any CPU.ActiveCfg = Release|Any CPU
		{282E952E-D047-4304-9CC8-F3600A1B20AB}.Release|Any CPU.Build.0 = Release|Any CPU
		{35B65E10-26B9-4268-9B16-AE22D0DDC57E}.Debug|Any CPU.ActiveCfg = Debug|Any CPU
		{35B65E10-26B9-4268-9B16-AE22D0DDC57E}.Debug|Any CPU.Build.0 = Debug|Any CPU
		{35B65E10-26B9-4268-9B16-AE22D0DDC57E}.Release|Any CPU.ActiveCfg = Release|Any CPU
		{35B65E10-26B9-4268-9B16-AE22D0DDC57E}.Release|Any CPU.Build.0 = Release|Any CPU
		{787E98B1-82AC-4D0B-81F1-9F54B81BA2F2}.Debug|Any CPU.ActiveCfg = Debug|Any CPU
		{787E98B1-82AC-4D0B-81F1-9F54B81BA2F2}.Debug|Any CPU.Build.0 = Debug|Any CPU
		{787E98B1-82AC-4D0B-81F1-9F54B81BA2F2}.Release|Any CPU.ActiveCfg = Release|Any CPU
		{787E98B1-82AC-4D0B-81F1-9F54B81BA2F2}.Release|Any CPU.Build.0 = Release|Any CPU
		{8286EC4B-2D0F-41DB-ABC5-6620F1777A7A}.Debug|Any CPU.ActiveCfg = Debug|Any CPU
		{8286EC4B-2D0F-41DB-ABC5-6620F1777A7A}.Debug|Any CPU.Build.0 = Debug|Any CPU
		{8286EC4B-2D0F-41DB-ABC5-6620F1777A7A}.Release|Any CPU.ActiveCfg = Release|Any CPU
		{8286EC4B-2D0F-41DB-ABC5-6620F1777A7A}.Release|Any CPU.Build.0 = Release|Any CPU
		{E8EA8908-A951-4E70-AAF4-8287C254C6A2}.Debug|Any CPU.ActiveCfg = Debug|Any CPU
		{E8EA8908-A951-4E70-AAF4-8287C254C6A2}.Debug|Any CPU.Build.0 = Debug|Any CPU
		{E8EA8908-A951-4E70-AAF4-8287C254C6A2}.Release|Any CPU.ActiveCfg = Release|Any CPU
		{E8EA8908-A951-4E70-AAF4-8287C254C6A2}.Release|Any CPU.Build.0 = Release|Any CPU
		{DA505392-7D7C-4F09-89A4-EF36DE923999}.Debug|Any CPU.ActiveCfg = Debug|Any CPU
		{DA505392-7D7C-4F09-89A4-EF36DE923999}.Debug|Any CPU.Build.0 = Debug|Any CPU
		{DA505392-7D7C-4F09-89A4-EF36DE923999}.Release|Any CPU.ActiveCfg = Release|Any CPU
		{DA505392-7D7C-4F09-89A4-EF36DE923999}.Release|Any CPU.Build.0 = Release|Any CPU
		{EDB6D9D4-7C04-415B-A667-2749E03AF0CE}.Debug|Any CPU.ActiveCfg = Debug|Any CPU
		{EDB6D9D4-7C04-415B-A667-2749E03AF0CE}.Debug|Any CPU.Build.0 = Debug|Any CPU
		{EDB6D9D4-7C04-415B-A667-2749E03AF0CE}.Release|Any CPU.ActiveCfg = Release|Any CPU
		{EDB6D9D4-7C04-415B-A667-2749E03AF0CE}.Release|Any CPU.Build.0 = Release|Any CPU
		{B27F8CFC-E92E-4E22-BD50-FA2C7186F150}.Debug|Any CPU.ActiveCfg = Debug|Any CPU
		{B27F8CFC-E92E-4E22-BD50-FA2C7186F150}.Debug|Any CPU.Build.0 = Debug|Any CPU
		{B27F8CFC-E92E-4E22-BD50-FA2C7186F150}.Release|Any CPU.ActiveCfg = Release|Any CPU
		{B27F8CFC-E92E-4E22-BD50-FA2C7186F150}.Release|Any CPU.Build.0 = Release|Any CPU
		{F2FDAE4A-63E1-4B95-B6DE-5E7C27909E88}.Debug|Any CPU.ActiveCfg = Debug|Any CPU
		{F2FDAE4A-63E1-4B95-B6DE-5E7C27909E88}.Debug|Any CPU.Build.0 = Debug|Any CPU
		{F2FDAE4A-63E1-4B95-B6DE-5E7C27909E88}.Release|Any CPU.ActiveCfg = Release|Any CPU
		{F2FDAE4A-63E1-4B95-B6DE-5E7C27909E88}.Release|Any CPU.Build.0 = Release|Any CPU
		{EB7205C3-3144-4985-8156-C570EC4FA12E}.Debug|Any CPU.ActiveCfg = Debug|Any CPU
		{EB7205C3-3144-4985-8156-C570EC4FA12E}.Debug|Any CPU.Build.0 = Debug|Any CPU
		{EB7205C3-3144-4985-8156-C570EC4FA12E}.Release|Any CPU.ActiveCfg = Release|Any CPU
		{EB7205C3-3144-4985-8156-C570EC4FA12E}.Release|Any CPU.Build.0 = Release|Any CPU
		{B1C4DC33-669E-4839-A4E0-790ADCA2683E}.Debug|Any CPU.ActiveCfg = Debug|Any CPU
		{B1C4DC33-669E-4839-A4E0-790ADCA2683E}.Debug|Any CPU.Build.0 = Debug|Any CPU
		{B1C4DC33-669E-4839-A4E0-790ADCA2683E}.Release|Any CPU.ActiveCfg = Release|Any CPU
		{B1C4DC33-669E-4839-A4E0-790ADCA2683E}.Release|Any CPU.Build.0 = Release|Any CPU
		{2BCABD86-B3AC-482D-AFEA-31CA293BB915}.Debug|Any CPU.ActiveCfg = Debug|Any CPU
		{2BCABD86-B3AC-482D-AFEA-31CA293BB915}.Debug|Any CPU.Build.0 = Debug|Any CPU
		{2BCABD86-B3AC-482D-AFEA-31CA293BB915}.Release|Any CPU.ActiveCfg = Release|Any CPU
		{2BCABD86-B3AC-482D-AFEA-31CA293BB915}.Release|Any CPU.Build.0 = Release|Any CPU
		{09E88067-F164-4A47-A350-9DBC8453F62B}.Debug|Any CPU.ActiveCfg = Debug|Any CPU
		{09E88067-F164-4A47-A350-9DBC8453F62B}.Debug|Any CPU.Build.0 = Debug|Any CPU
		{09E88067-F164-4A47-A350-9DBC8453F62B}.Release|Any CPU.ActiveCfg = Release|Any CPU
		{09E88067-F164-4A47-A350-9DBC8453F62B}.Release|Any CPU.Build.0 = Release|Any CPU
		{E57343E4-E554-4AEB-9090-06EB3D6D6A1F}.Debug|Any CPU.ActiveCfg = Debug|Any CPU
		{E57343E4-E554-4AEB-9090-06EB3D6D6A1F}.Debug|Any CPU.Build.0 = Debug|Any CPU
		{E57343E4-E554-4AEB-9090-06EB3D6D6A1F}.Release|Any CPU.ActiveCfg = Release|Any CPU
		{E57343E4-E554-4AEB-9090-06EB3D6D6A1F}.Release|Any CPU.Build.0 = Release|Any CPU
		{85B5B1CB-7264-4F81-BB01-24FFD35DC312}.Debug|Any CPU.ActiveCfg = Debug|Any CPU
		{85B5B1CB-7264-4F81-BB01-24FFD35DC312}.Debug|Any CPU.Build.0 = Debug|Any CPU
		{85B5B1CB-7264-4F81-BB01-24FFD35DC312}.Release|Any CPU.ActiveCfg = Release|Any CPU
		{85B5B1CB-7264-4F81-BB01-24FFD35DC312}.Release|Any CPU.Build.0 = Release|Any CPU
		{97FA1FAA-BD56-4428-AD4C-0481DC10F4D8}.Debug|Any CPU.ActiveCfg = Debug|Any CPU
		{97FA1FAA-BD56-4428-AD4C-0481DC10F4D8}.Debug|Any CPU.Build.0 = Debug|Any CPU
		{97FA1FAA-BD56-4428-AD4C-0481DC10F4D8}.Release|Any CPU.ActiveCfg = Release|Any CPU
		{97FA1FAA-BD56-4428-AD4C-0481DC10F4D8}.Release|Any CPU.Build.0 = Release|Any CPU
		{1B4EE372-9CF1-4F83-B316-C63BF4DA0B5F}.Debug|Any CPU.ActiveCfg = Debug|Any CPU
		{1B4EE372-9CF1-4F83-B316-C63BF4DA0B5F}.Debug|Any CPU.Build.0 = Debug|Any CPU
		{1B4EE372-9CF1-4F83-B316-C63BF4DA0B5F}.Release|Any CPU.ActiveCfg = Release|Any CPU
		{1B4EE372-9CF1-4F83-B316-C63BF4DA0B5F}.Release|Any CPU.Build.0 = Release|Any CPU
		{2A298F35-422E-471D-B779-43A4F1F19B3B}.Debug|Any CPU.ActiveCfg = Debug|Any CPU
		{2A298F35-422E-471D-B779-43A4F1F19B3B}.Debug|Any CPU.Build.0 = Debug|Any CPU
		{2A298F35-422E-471D-B779-43A4F1F19B3B}.Release|Any CPU.ActiveCfg = Release|Any CPU
		{2A298F35-422E-471D-B779-43A4F1F19B3B}.Release|Any CPU.Build.0 = Release|Any CPU
		{9A7C97B7-510F-421C-833B-975438FE4D21}.Debug|Any CPU.ActiveCfg = Debug|Any CPU
		{9A7C97B7-510F-421C-833B-975438FE4D21}.Debug|Any CPU.Build.0 = Debug|Any CPU
		{9A7C97B7-510F-421C-833B-975438FE4D21}.Release|Any CPU.ActiveCfg = Release|Any CPU
		{9A7C97B7-510F-421C-833B-975438FE4D21}.Release|Any CPU.Build.0 = Release|Any CPU
		{20A92970-8A6F-4B7C-9425-9FA69CA1705C}.Debug|Any CPU.ActiveCfg = Debug|Any CPU
		{20A92970-8A6F-4B7C-9425-9FA69CA1705C}.Debug|Any CPU.Build.0 = Debug|Any CPU
		{20A92970-8A6F-4B7C-9425-9FA69CA1705C}.Release|Any CPU.ActiveCfg = Release|Any CPU
		{20A92970-8A6F-4B7C-9425-9FA69CA1705C}.Release|Any CPU.Build.0 = Release|Any CPU
		{3FEAB56E-1846-4C1C-9469-E90288EDA0F8}.Debug|Any CPU.ActiveCfg = Debug|Any CPU
		{3FEAB56E-1846-4C1C-9469-E90288EDA0F8}.Debug|Any CPU.Build.0 = Debug|Any CPU
		{3FEAB56E-1846-4C1C-9469-E90288EDA0F8}.Release|Any CPU.ActiveCfg = Release|Any CPU
		{3FEAB56E-1846-4C1C-9469-E90288EDA0F8}.Release|Any CPU.Build.0 = Release|Any CPU
		{A6F10B93-8953-4772-A7C9-8292E2550456}.Debug|Any CPU.ActiveCfg = Debug|Any CPU
		{A6F10B93-8953-4772-A7C9-8292E2550456}.Debug|Any CPU.Build.0 = Debug|Any CPU
		{A6F10B93-8953-4772-A7C9-8292E2550456}.Release|Any CPU.ActiveCfg = Release|Any CPU
		{A6F10B93-8953-4772-A7C9-8292E2550456}.Release|Any CPU.Build.0 = Release|Any CPU
		{358C9389-74EF-4B3A-A742-1992F3E18680}.Debug|Any CPU.ActiveCfg = Debug|Any CPU
		{358C9389-74EF-4B3A-A742-1992F3E18680}.Debug|Any CPU.Build.0 = Debug|Any CPU
		{358C9389-74EF-4B3A-A742-1992F3E18680}.Release|Any CPU.ActiveCfg = Release|Any CPU
		{358C9389-74EF-4B3A-A742-1992F3E18680}.Release|Any CPU.Build.0 = Release|Any CPU
		{392BF6EC-C25D-4544-A824-594261D2901A}.Debug|Any CPU.ActiveCfg = Debug|Any CPU
		{392BF6EC-C25D-4544-A824-594261D2901A}.Debug|Any CPU.Build.0 = Debug|Any CPU
		{392BF6EC-C25D-4544-A824-594261D2901A}.Release|Any CPU.ActiveCfg = Release|Any CPU
		{392BF6EC-C25D-4544-A824-594261D2901A}.Release|Any CPU.Build.0 = Release|Any CPU
		{0FFCCD3B-04FD-446E-B81D-6C153A033BD6}.Debug|Any CPU.ActiveCfg = Debug|Any CPU
		{0FFCCD3B-04FD-446E-B81D-6C153A033BD6}.Debug|Any CPU.Build.0 = Debug|Any CPU
		{0FFCCD3B-04FD-446E-B81D-6C153A033BD6}.Release|Any CPU.ActiveCfg = Release|Any CPU
		{0FFCCD3B-04FD-446E-B81D-6C153A033BD6}.Release|Any CPU.Build.0 = Release|Any CPU
		{B776736A-F710-4D76-BE60-DD4F24F30802}.Debug|Any CPU.ActiveCfg = Debug|Any CPU
		{B776736A-F710-4D76-BE60-DD4F24F30802}.Debug|Any CPU.Build.0 = Debug|Any CPU
		{B776736A-F710-4D76-BE60-DD4F24F30802}.Release|Any CPU.ActiveCfg = Release|Any CPU
		{B776736A-F710-4D76-BE60-DD4F24F30802}.Release|Any CPU.Build.0 = Release|Any CPU
		{79B133DC-E2F4-4055-9049-9EF8B7DC07D0}.Debug|Any CPU.ActiveCfg = Debug|Any CPU
		{79B133DC-E2F4-4055-9049-9EF8B7DC07D0}.Debug|Any CPU.Build.0 = Debug|Any CPU
		{79B133DC-E2F4-4055-9049-9EF8B7DC07D0}.Release|Any CPU.ActiveCfg = Release|Any CPU
		{79B133DC-E2F4-4055-9049-9EF8B7DC07D0}.Release|Any CPU.Build.0 = Release|Any CPU
		{08724216-D16D-4FCA-A7C7-058FB65BCDBF}.Debug|Any CPU.ActiveCfg = Debug|Any CPU
		{08724216-D16D-4FCA-A7C7-058FB65BCDBF}.Debug|Any CPU.Build.0 = Debug|Any CPU
		{08724216-D16D-4FCA-A7C7-058FB65BCDBF}.Release|Any CPU.ActiveCfg = Release|Any CPU
		{08724216-D16D-4FCA-A7C7-058FB65BCDBF}.Release|Any CPU.Build.0 = Release|Any CPU
		{2EA6B9C5-8ACE-466F-B938-27A4BC6DC333}.Debug|Any CPU.ActiveCfg = Debug|Any CPU
		{2EA6B9C5-8ACE-466F-B938-27A4BC6DC333}.Debug|Any CPU.Build.0 = Debug|Any CPU
		{2EA6B9C5-8ACE-466F-B938-27A4BC6DC333}.Release|Any CPU.ActiveCfg = Release|Any CPU
		{2EA6B9C5-8ACE-466F-B938-27A4BC6DC333}.Release|Any CPU.Build.0 = Release|Any CPU
		{061C8D33-9BE0-48D5-8EC9-8DA0010ECF4B}.Debug|Any CPU.ActiveCfg = Debug|Any CPU
		{061C8D33-9BE0-48D5-8EC9-8DA0010ECF4B}.Debug|Any CPU.Build.0 = Debug|Any CPU
		{061C8D33-9BE0-48D5-8EC9-8DA0010ECF4B}.Release|Any CPU.ActiveCfg = Release|Any CPU
		{061C8D33-9BE0-48D5-8EC9-8DA0010ECF4B}.Release|Any CPU.Build.0 = Release|Any CPU
	EndGlobalSection
	GlobalSection(SolutionProperties) = preSolution
		HideSolutionNode = FALSE
	EndGlobalSection
	GlobalSection(ExtensibilityGlobals) = postSolution
		SolutionGuid = {BABA7F32-4CEB-48B8-A01B-BF20322D9EAD}
	EndGlobalSection
EndGlobal
