
Microsoft Visual Studio Solution File, Format Version 12.00
# Visual Studio Version 17
VisualStudioVersion = 17.3.32929.385
MinimumVisualStudioVersion = 10.0.40219.1
Project("{9A19103F-16F7-4668-BE54-9A1E7A4F7556}") = "01_AI_Speech", "01_AI_Speech\01_AI_Speech.csproj", "{2908A08A-392A-4BF1-816F-71C38B62A251}"
EndProject
Project("{9A19103F-16F7-4668-BE54-9A1E7A4F7556}") = "02_AI_Speech_Translation", "02_AI_Speech_Translation\02_AI_Speech_Translation.csproj", "{BD1497C7-C037-487C-9E87-2B721619FBC5}"
EndProject
Project("{9A19103F-16F7-4668-BE54-9A1E7A4F7556}") = "03_Methods", "03_Methods\03_Methods.csproj", "{3326B681-ECA3-47AC-9012-C8C1A76928E7}"
EndProject
Project("{9A19103F-16F7-4668-BE54-9A1E7A4F7556}") = "03_Methods.Tests", "03_Methods.Tests\03_Methods.Tests.csproj", "{9774BF6A-908E-44B6-B194-9E0A128A9B92}"
EndProject
Project("{9A19103F-16F7-4668-BE54-9A1E7A4F7556}") = "04_LanguageService", "04_LanguageService\04_LanguageService.csproj", "{70071821-7D35-40F4-8528-C52AA10AA1DA}"
EndProject
Project("{9A19103F-16F7-4668-BE54-9A1E7A4F7556}") = "05_Namespaces", "05_Namespaces\05_Namespaces.csproj", "{570718D7-29A9-4A5A-B471-1B9642397F6F}"
EndProject
Project("{9A19103F-16F7-4668-BE54-9A1E7A4F7556}") = "05_Namespaces.Tests", "05_Namespaces.Tests\05_Namespaces.Tests.csproj", "{946FF846-B8E6-4378-A81F-C6A64230A602}"
EndProject
Project("{9A19103F-16F7-4668-BE54-9A1E7A4F7556}") = "06_Types", "06_Types\06_Types.csproj", "{D4690094-7497-431C-8FC4-C1F3F48215FA}"
EndProject
Project("{9A19103F-16F7-4668-BE54-9A1E7A4F7556}") = "06_Types.Tests", "06_Types.Tests\06_Types.Tests.csproj", "{8626AD79-CE18-4AF4-AB4F-A858A0E5EC2B}"
EndProject
Project("{9A19103F-16F7-4668-BE54-9A1E7A4F7556}") = "07_Nullability", "07_Nullability\07_Nullability.csproj", "{B5D97499-B021-4015-8695-10F9B6C66B79}"
EndProject
Project("{9A19103F-16F7-4668-BE54-9A1E7A4F7556}") = "07_Nullability.Tests", "07_Nullability.Tests\07_Nullability.Tests.csproj", "{A184AFC4-A234-45D3-8FCE-9CAFD445A1AB}"
EndProject
Project("{9A19103F-16F7-4668-BE54-9A1E7A4F7556}") = "08_Numbers", "08_Numbers\08_Numbers.csproj", "{E9291899-B52D-4A03-96DA-E066457D09FF}"
EndProject
Project("{9A19103F-16F7-4668-BE54-9A1E7A4F7556}") = "08_Numbers.Tests", "08_Numbers.Tests\08_Numbers.Tests.csproj", "{1354185C-743F-4D38-A780-19F64B9075AC}"
EndProject
Project("{9A19103F-16F7-4668-BE54-9A1E7A4F7556}") = "09_Initializers", "09_Initializers\09_Initializers.csproj", "{37764373-975F-4F72-83DB-9BDEF5A01911}"
EndProject
Project("{9A19103F-16F7-4668-BE54-9A1E7A4F7556}") = "09_Initializers.Tests", "09_Initializers.Tests\09_Initializers.Tests.csproj", "{C1BA25E9-644C-43B6-80E5-D7401BB2684E}"
EndProject
Project("{9A19103F-16F7-4668-BE54-9A1E7A4F7556}") = "10_Overloading", "10_Overloading\10_Overloading.csproj", "{17D022AA-5E57-4BBF-A22A-45F0DA9866AF}"
EndProject
Project("{9A19103F-16F7-4668-BE54-9A1E7A4F7556}") = "10_Overloading.Tests", "10_Overloading.Tests\10_Overloading.Tests.csproj", "{D7363A7D-3AEE-4518-BC8B-A6243780B657}"
EndProject
Project("{9A19103F-16F7-4668-BE54-9A1E7A4F7556}") = "11_Identity", "11_Identity\11_Identity.csproj", "{2F78D14E-E879-49F0-9EFC-7B5D125F1E4A}"
EndProject
Project("{9A19103F-16F7-4668-BE54-9A1E7A4F7556}") = "12_Overflow", "12_Overflow\12_Overflow.csproj", "{6613EC04-A501-4B28-BF4A-8BA405408253}"
EndProject
Project("{9A19103F-16F7-4668-BE54-9A1E7A4F7556}") = "12_Overflow.Tests", "12_Overflow.Tests\12_Overflow.Tests.csproj", "{815B1F00-498B-41C4-A8C8-507762556D71}"
EndProject
Project("{9A19103F-16F7-4668-BE54-9A1E7A4F7556}") = "13_Param", "13_Param\13_Param.csproj", "{7F785F3C-2C82-4995-9A7B-8EDCCC826EA4}"
EndProject
Project("{9A19103F-16F7-4668-BE54-9A1E7A4F7556}") = "13_Param.Tests", "13_Param.Tests\13_Param.Tests.csproj", "{F0A1B298-39D2-4843-AF86-673106E468D2}"
EndProject
Project("{9A19103F-16F7-4668-BE54-9A1E7A4F7556}") = "14_Properties", "14_Properties\14_Properties.csproj", "{7E209454-2FBD-400B-8F1D-8DDE84A34799}"
EndProject
Project("{9A19103F-16F7-4668-BE54-9A1E7A4F7556}") = "14_Properties.Tests", "14_Properties.Tests\14_Properties.Tests.csproj", "{616F183C-E6EC-4D24-BCA4-679093F6B3D6}"
EndProject
Project("{6EC3EE1D-3C4E-46DD-8F32-0CC8E7565705}") = "15_Bootstrap", "15_Bootstrap\15_Bootstrap.fsproj", "{D98AC78D-1877-4187-8D97-1A51817A3D91}"
EndProject
Project("{9A19103F-16F7-4668-BE54-9A1E7A4F7556}") = "16_Randomness", "16_Randomness\16_Randomness.csproj", "{733D82EA-1220-40C2-BBF3-76E52C4643E8}"
EndProject
Project("{9A19103F-16F7-4668-BE54-9A1E7A4F7556}") = "16_Randomness.Tests", "16_Randomness.Tests\16_Randomness.Tests.csproj", "{3F2A65FC-398A-48A2-9B0C-9E79E8E7074B}"
EndProject
Project("{9A19103F-16F7-4668-BE54-9A1E7A4F7556}") = "17_RegExpressions.Tests", "17_RegExpressions.Tests\17_RegExpressions.Tests.csproj", "{5D914058-3457-4F95-AC77-7A2EB13077D2}"
EndProject
Project("{9A19103F-16F7-4668-BE54-9A1E7A4F7556}") = "17_RegExpressions", "17_RegExpressions\17_RegExpressions.csproj", "{5B889A77-0CE7-41C9-8BB2-8629235E431B}"
EndProject
Project("{FAE04EC0-301F-11D3-BF4B-00C04F79EFBC}") = "18_ObjRelMapping", "18_ObjRelMapping\18_ObjRelMapping.csproj", "{D37C40A9-8398-45C8-8815-C83F5EF84B70}"
EndProject
Project("{FAE04EC0-301F-11D3-BF4B-00C04F79EFBC}") = "18_ObjRelMapping.Tests", "18_ObjRelMapping.Tests\18_ObjRelMapping.Tests.csproj", "{0D16AB04-7EE2-4947-A8DD-B7526AE0437F}"
EndProject
Global
	GlobalSection(SolutionConfigurationPlatforms) = preSolution
		Debug|Any CPU = Debug|Any CPU
		Release|Any CPU = Release|Any CPU
	EndGlobalSection
	GlobalSection(ProjectConfigurationPlatforms) = postSolution
		{2908A08A-392A-4BF1-816F-71C38B62A251}.Debug|Any CPU.ActiveCfg = Debug|Any CPU
		{2908A08A-392A-4BF1-816F-71C38B62A251}.Debug|Any CPU.Build.0 = Debug|Any CPU
		{2908A08A-392A-4BF1-816F-71C38B62A251}.Release|Any CPU.ActiveCfg = Release|Any CPU
		{2908A08A-392A-4BF1-816F-71C38B62A251}.Release|Any CPU.Build.0 = Release|Any CPU
		{BD1497C7-C037-487C-9E87-2B721619FBC5}.Debug|Any CPU.ActiveCfg = Debug|Any CPU
		{BD1497C7-C037-487C-9E87-2B721619FBC5}.Debug|Any CPU.Build.0 = Debug|Any CPU
		{BD1497C7-C037-487C-9E87-2B721619FBC5}.Release|Any CPU.ActiveCfg = Release|Any CPU
		{BD1497C7-C037-487C-9E87-2B721619FBC5}.Release|Any CPU.Build.0 = Release|Any CPU
		{3326B681-ECA3-47AC-9012-C8C1A76928E7}.Debug|Any CPU.ActiveCfg = Debug|Any CPU
		{3326B681-ECA3-47AC-9012-C8C1A76928E7}.Debug|Any CPU.Build.0 = Debug|Any CPU
		{3326B681-ECA3-47AC-9012-C8C1A76928E7}.Release|Any CPU.ActiveCfg = Release|Any CPU
		{3326B681-ECA3-47AC-9012-C8C1A76928E7}.Release|Any CPU.Build.0 = Release|Any CPU
		{9774BF6A-908E-44B6-B194-9E0A128A9B92}.Debug|Any CPU.ActiveCfg = Debug|Any CPU
		{9774BF6A-908E-44B6-B194-9E0A128A9B92}.Debug|Any CPU.Build.0 = Debug|Any CPU
		{9774BF6A-908E-44B6-B194-9E0A128A9B92}.Release|Any CPU.ActiveCfg = Release|Any CPU
		{9774BF6A-908E-44B6-B194-9E0A128A9B92}.Release|Any CPU.Build.0 = Release|Any CPU
		{70071821-7D35-40F4-8528-C52AA10AA1DA}.Debug|Any CPU.ActiveCfg = Debug|Any CPU
		{70071821-7D35-40F4-8528-C52AA10AA1DA}.Debug|Any CPU.Build.0 = Debug|Any CPU
		{70071821-7D35-40F4-8528-C52AA10AA1DA}.Release|Any CPU.ActiveCfg = Release|Any CPU
		{70071821-7D35-40F4-8528-C52AA10AA1DA}.Release|Any CPU.Build.0 = Release|Any CPU
		{570718D7-29A9-4A5A-B471-1B9642397F6F}.Debug|Any CPU.ActiveCfg = Debug|Any CPU
		{570718D7-29A9-4A5A-B471-1B9642397F6F}.Debug|Any CPU.Build.0 = Debug|Any CPU
		{570718D7-29A9-4A5A-B471-1B9642397F6F}.Release|Any CPU.ActiveCfg = Release|Any CPU
		{570718D7-29A9-4A5A-B471-1B9642397F6F}.Release|Any CPU.Build.0 = Release|Any CPU
		{946FF846-B8E6-4378-A81F-C6A64230A602}.Debug|Any CPU.ActiveCfg = Debug|Any CPU
		{946FF846-B8E6-4378-A81F-C6A64230A602}.Debug|Any CPU.Build.0 = Debug|Any CPU
		{946FF846-B8E6-4378-A81F-C6A64230A602}.Release|Any CPU.ActiveCfg = Release|Any CPU
		{946FF846-B8E6-4378-A81F-C6A64230A602}.Release|Any CPU.Build.0 = Release|Any CPU
		{D4690094-7497-431C-8FC4-C1F3F48215FA}.Debug|Any CPU.ActiveCfg = Debug|Any CPU
		{D4690094-7497-431C-8FC4-C1F3F48215FA}.Debug|Any CPU.Build.0 = Debug|Any CPU
		{D4690094-7497-431C-8FC4-C1F3F48215FA}.Release|Any CPU.ActiveCfg = Release|Any CPU
		{D4690094-7497-431C-8FC4-C1F3F48215FA}.Release|Any CPU.Build.0 = Release|Any CPU
		{8626AD79-CE18-4AF4-AB4F-A858A0E5EC2B}.Debug|Any CPU.ActiveCfg = Debug|Any CPU
		{8626AD79-CE18-4AF4-AB4F-A858A0E5EC2B}.Debug|Any CPU.Build.0 = Debug|Any CPU
		{8626AD79-CE18-4AF4-AB4F-A858A0E5EC2B}.Release|Any CPU.ActiveCfg = Release|Any CPU
		{8626AD79-CE18-4AF4-AB4F-A858A0E5EC2B}.Release|Any CPU.Build.0 = Release|Any CPU
		{B5D97499-B021-4015-8695-10F9B6C66B79}.Debug|Any CPU.ActiveCfg = Debug|Any CPU
		{B5D97499-B021-4015-8695-10F9B6C66B79}.Debug|Any CPU.Build.0 = Debug|Any CPU
		{B5D97499-B021-4015-8695-10F9B6C66B79}.Release|Any CPU.ActiveCfg = Release|Any CPU
		{B5D97499-B021-4015-8695-10F9B6C66B79}.Release|Any CPU.Build.0 = Release|Any CPU
		{A184AFC4-A234-45D3-8FCE-9CAFD445A1AB}.Debug|Any CPU.ActiveCfg = Debug|Any CPU
		{A184AFC4-A234-45D3-8FCE-9CAFD445A1AB}.Debug|Any CPU.Build.0 = Debug|Any CPU
		{A184AFC4-A234-45D3-8FCE-9CAFD445A1AB}.Release|Any CPU.ActiveCfg = Release|Any CPU
		{A184AFC4-A234-45D3-8FCE-9CAFD445A1AB}.Release|Any CPU.Build.0 = Release|Any CPU
		{E9291899-B52D-4A03-96DA-E066457D09FF}.Debug|Any CPU.ActiveCfg = Debug|Any CPU
		{E9291899-B52D-4A03-96DA-E066457D09FF}.Debug|Any CPU.Build.0 = Debug|Any CPU
		{E9291899-B52D-4A03-96DA-E066457D09FF}.Release|Any CPU.ActiveCfg = Release|Any CPU
		{E9291899-B52D-4A03-96DA-E066457D09FF}.Release|Any CPU.Build.0 = Release|Any CPU
		{1354185C-743F-4D38-A780-19F64B9075AC}.Debug|Any CPU.ActiveCfg = Debug|Any CPU
		{1354185C-743F-4D38-A780-19F64B9075AC}.Debug|Any CPU.Build.0 = Debug|Any CPU
		{1354185C-743F-4D38-A780-19F64B9075AC}.Release|Any CPU.ActiveCfg = Release|Any CPU
		{1354185C-743F-4D38-A780-19F64B9075AC}.Release|Any CPU.Build.0 = Release|Any CPU
		{37764373-975F-4F72-83DB-9BDEF5A01911}.Debug|Any CPU.ActiveCfg = Debug|Any CPU
		{37764373-975F-4F72-83DB-9BDEF5A01911}.Debug|Any CPU.Build.0 = Debug|Any CPU
		{37764373-975F-4F72-83DB-9BDEF5A01911}.Release|Any CPU.ActiveCfg = Release|Any CPU
		{37764373-975F-4F72-83DB-9BDEF5A01911}.Release|Any CPU.Build.0 = Release|Any CPU
		{C1BA25E9-644C-43B6-80E5-D7401BB2684E}.Debug|Any CPU.ActiveCfg = Debug|Any CPU
		{C1BA25E9-644C-43B6-80E5-D7401BB2684E}.Debug|Any CPU.Build.0 = Debug|Any CPU
		{C1BA25E9-644C-43B6-80E5-D7401BB2684E}.Release|Any CPU.ActiveCfg = Release|Any CPU
		{C1BA25E9-644C-43B6-80E5-D7401BB2684E}.Release|Any CPU.Build.0 = Release|Any CPU
		{17D022AA-5E57-4BBF-A22A-45F0DA9866AF}.Debug|Any CPU.ActiveCfg = Debug|Any CPU
		{17D022AA-5E57-4BBF-A22A-45F0DA9866AF}.Debug|Any CPU.Build.0 = Debug|Any CPU
		{17D022AA-5E57-4BBF-A22A-45F0DA9866AF}.Release|Any CPU.ActiveCfg = Release|Any CPU
		{17D022AA-5E57-4BBF-A22A-45F0DA9866AF}.Release|Any CPU.Build.0 = Release|Any CPU
		{D7363A7D-3AEE-4518-BC8B-A6243780B657}.Debug|Any CPU.ActiveCfg = Debug|Any CPU
		{D7363A7D-3AEE-4518-BC8B-A6243780B657}.Debug|Any CPU.Build.0 = Debug|Any CPU
		{D7363A7D-3AEE-4518-BC8B-A6243780B657}.Release|Any CPU.ActiveCfg = Release|Any CPU
		{D7363A7D-3AEE-4518-BC8B-A6243780B657}.Release|Any CPU.Build.0 = Release|Any CPU
		{2F78D14E-E879-49F0-9EFC-7B5D125F1E4A}.Debug|Any CPU.ActiveCfg = Debug|Any CPU
		{2F78D14E-E879-49F0-9EFC-7B5D125F1E4A}.Debug|Any CPU.Build.0 = Debug|Any CPU
		{2F78D14E-E879-49F0-9EFC-7B5D125F1E4A}.Release|Any CPU.ActiveCfg = Release|Any CPU
		{2F78D14E-E879-49F0-9EFC-7B5D125F1E4A}.Release|Any CPU.Build.0 = Release|Any CPU
		{6613EC04-A501-4B28-BF4A-8BA405408253}.Debug|Any CPU.ActiveCfg = Debug|Any CPU
		{6613EC04-A501-4B28-BF4A-8BA405408253}.Debug|Any CPU.Build.0 = Debug|Any CPU
		{6613EC04-A501-4B28-BF4A-8BA405408253}.Release|Any CPU.ActiveCfg = Release|Any CPU
		{6613EC04-A501-4B28-BF4A-8BA405408253}.Release|Any CPU.Build.0 = Release|Any CPU
		{815B1F00-498B-41C4-A8C8-507762556D71}.Debug|Any CPU.ActiveCfg = Debug|Any CPU
		{815B1F00-498B-41C4-A8C8-507762556D71}.Debug|Any CPU.Build.0 = Debug|Any CPU
		{815B1F00-498B-41C4-A8C8-507762556D71}.Release|Any CPU.ActiveCfg = Release|Any CPU
		{815B1F00-498B-41C4-A8C8-507762556D71}.Release|Any CPU.Build.0 = Release|Any CPU
		{7F785F3C-2C82-4995-9A7B-8EDCCC826EA4}.Debug|Any CPU.ActiveCfg = Debug|Any CPU
		{7F785F3C-2C82-4995-9A7B-8EDCCC826EA4}.Debug|Any CPU.Build.0 = Debug|Any CPU
		{7F785F3C-2C82-4995-9A7B-8EDCCC826EA4}.Release|Any CPU.ActiveCfg = Release|Any CPU
		{7F785F3C-2C82-4995-9A7B-8EDCCC826EA4}.Release|Any CPU.Build.0 = Release|Any CPU
		{F0A1B298-39D2-4843-AF86-673106E468D2}.Debug|Any CPU.ActiveCfg = Debug|Any CPU
		{F0A1B298-39D2-4843-AF86-673106E468D2}.Debug|Any CPU.Build.0 = Debug|Any CPU
		{F0A1B298-39D2-4843-AF86-673106E468D2}.Release|Any CPU.ActiveCfg = Release|Any CPU
		{F0A1B298-39D2-4843-AF86-673106E468D2}.Release|Any CPU.Build.0 = Release|Any CPU
		{7E209454-2FBD-400B-8F1D-8DDE84A34799}.Debug|Any CPU.ActiveCfg = Debug|Any CPU
		{7E209454-2FBD-400B-8F1D-8DDE84A34799}.Debug|Any CPU.Build.0 = Debug|Any CPU
		{7E209454-2FBD-400B-8F1D-8DDE84A34799}.Release|Any CPU.ActiveCfg = Release|Any CPU
		{7E209454-2FBD-400B-8F1D-8DDE84A34799}.Release|Any CPU.Build.0 = Release|Any CPU
		{616F183C-E6EC-4D24-BCA4-679093F6B3D6}.Debug|Any CPU.ActiveCfg = Debug|Any CPU
		{616F183C-E6EC-4D24-BCA4-679093F6B3D6}.Debug|Any CPU.Build.0 = Debug|Any CPU
		{616F183C-E6EC-4D24-BCA4-679093F6B3D6}.Release|Any CPU.ActiveCfg = Release|Any CPU
		{616F183C-E6EC-4D24-BCA4-679093F6B3D6}.Release|Any CPU.Build.0 = Release|Any CPU
		{D98AC78D-1877-4187-8D97-1A51817A3D91}.Debug|Any CPU.ActiveCfg = Debug|Any CPU
		{D98AC78D-1877-4187-8D97-1A51817A3D91}.Debug|Any CPU.Build.0 = Debug|Any CPU
		{D98AC78D-1877-4187-8D97-1A51817A3D91}.Release|Any CPU.ActiveCfg = Release|Any CPU
		{D98AC78D-1877-4187-8D97-1A51817A3D91}.Release|Any CPU.Build.0 = Release|Any CPU
		{733D82EA-1220-40C2-BBF3-76E52C4643E8}.Debug|Any CPU.ActiveCfg = Debug|Any CPU
		{733D82EA-1220-40C2-BBF3-76E52C4643E8}.Debug|Any CPU.Build.0 = Debug|Any CPU
		{733D82EA-1220-40C2-BBF3-76E52C4643E8}.Release|Any CPU.ActiveCfg = Release|Any CPU
		{733D82EA-1220-40C2-BBF3-76E52C4643E8}.Release|Any CPU.Build.0 = Release|Any CPU
		{3F2A65FC-398A-48A2-9B0C-9E79E8E7074B}.Debug|Any CPU.ActiveCfg = Debug|Any CPU
		{3F2A65FC-398A-48A2-9B0C-9E79E8E7074B}.Debug|Any CPU.Build.0 = Debug|Any CPU
		{3F2A65FC-398A-48A2-9B0C-9E79E8E7074B}.Release|Any CPU.ActiveCfg = Release|Any CPU
		{3F2A65FC-398A-48A2-9B0C-9E79E8E7074B}.Release|Any CPU.Build.0 = Release|Any CPU
		{5D914058-3457-4F95-AC77-7A2EB13077D2}.Debug|Any CPU.ActiveCfg = Debug|Any CPU
		{5D914058-3457-4F95-AC77-7A2EB13077D2}.Debug|Any CPU.Build.0 = Debug|Any CPU
		{5D914058-3457-4F95-AC77-7A2EB13077D2}.Release|Any CPU.ActiveCfg = Release|Any CPU
		{5D914058-3457-4F95-AC77-7A2EB13077D2}.Release|Any CPU.Build.0 = Release|Any CPU
		{5B889A77-0CE7-41C9-8BB2-8629235E431B}.Debug|Any CPU.ActiveCfg = Debug|Any CPU
		{5B889A77-0CE7-41C9-8BB2-8629235E431B}.Debug|Any CPU.Build.0 = Debug|Any CPU
		{5B889A77-0CE7-41C9-8BB2-8629235E431B}.Release|Any CPU.ActiveCfg = Release|Any CPU
		{5B889A77-0CE7-41C9-8BB2-8629235E431B}.Release|Any CPU.Build.0 = Release|Any CPU
		{D37C40A9-8398-45C8-8815-C83F5EF84B70}.Debug|Any CPU.ActiveCfg = Debug|Any CPU
		{D37C40A9-8398-45C8-8815-C83F5EF84B70}.Debug|Any CPU.Build.0 = Debug|Any CPU
		{D37C40A9-8398-45C8-8815-C83F5EF84B70}.Release|Any CPU.ActiveCfg = Release|Any CPU
		{D37C40A9-8398-45C8-8815-C83F5EF84B70}.Release|Any CPU.Build.0 = Release|Any CPU
		{0D16AB04-7EE2-4947-A8DD-B7526AE0437F}.Debug|Any CPU.ActiveCfg = Debug|Any CPU
		{0D16AB04-7EE2-4947-A8DD-B7526AE0437F}.Debug|Any CPU.Build.0 = Debug|Any CPU
		{0D16AB04-7EE2-4947-A8DD-B7526AE0437F}.Release|Any CPU.ActiveCfg = Release|Any CPU
		{0D16AB04-7EE2-4947-A8DD-B7526AE0437F}.Release|Any CPU.Build.0 = Release|Any CPU
	EndGlobalSection
	GlobalSection(SolutionProperties) = preSolution
		HideSolutionNode = FALSE
	EndGlobalSection
	GlobalSection(ExtensibilityGlobals) = postSolution
		SolutionGuid = {BABA7F32-4CEB-48B8-A01B-BF20322D9EAD}
	EndGlobalSection
EndGlobal
