
Microsoft Visual Studio Solution File, Format Version 12.00
# Visual Studio Version 16
VisualStudioVersion = 16.0.31729.503
MinimumVisualStudioVersion = 10.0.40219.1
Project("{9A19103F-16F7-4668-BE54-9A1E7A4F7556}") = "Challenge_1", "Challenge_1\Challenge_1.csproj", "{6380F459-1775-4385-AE0C-B2AB919CB361}"
EndProject
Project("{9A19103F-16F7-4668-BE54-9A1E7A4F7556}") = "Challeng_1.Tests", "Challeng_1.Tests\Challeng_1.Tests.csproj", "{42F92F9A-03E3-4F29-B145-61431AE8D3E4}"
EndProject
Project("{9A19103F-16F7-4668-BE54-9A1E7A4F7556}") = "2_SumOfOddNumbers", "2_SumOfOddNumbers\2_SumOfOddNumbers.csproj", "{E8DF5E59-1D3A-4169-9684-4FDAD4F885C1}"
EndProject
Project("{9A19103F-16F7-4668-BE54-9A1E7A4F7556}") = "2_SumOfOddNumbers.Tests", "2_SumOfOddNumbers.Tests\2_SumOfOddNumbers.Tests.csproj", "{4E60F76F-479D-4E85-BE12-A8AF044E301F}"
EndProject
Project("{9A19103F-16F7-4668-BE54-9A1E7A4F7556}") = "3_NumberToStringFormat", "3_NumberToStringFormat\3_NumberToStringFormat.csproj", "{749EBFD4-0D0B-4C22-8816-834214FB4A97}"
EndProject
Project("{9A19103F-16F7-4668-BE54-9A1E7A4F7556}") = "3_NumberToStringFormat.Tests", "3_NumberToStringFormat.Tests\3_NumberToStringFormat.Tests.csproj", "{10D576CC-CEDC-4B96-B2AC-D2F101A52467}"
EndProject
Project("{9A19103F-16F7-4668-BE54-9A1E7A4F7556}") = "4_LastSamplesOfNumber", "4_LastSamplesOfNumber\4_LastSamplesOfNumber.csproj", "{EAD3DA2F-E454-434A-9F9A-F2CFBD1B54ED}"
EndProject
Project("{9A19103F-16F7-4668-BE54-9A1E7A4F7556}") = "4_LastSamplesOfNumber.Tests", "4_LastSamplesOfNumber.Tests\4_LastSamplesOfNumber.Tests.csproj", "{B93C4FD8-07A4-4BD6-8D90-A615B8404D1D}"
EndProject
Project("{9A19103F-16F7-4668-BE54-9A1E7A4F7556}") = "5_MaxAndMin", "5_MaxAndMin\5_MaxAndMin.csproj", "{7B517191-BA2A-4BF6-BC27-B9C6C52B1F63}"
EndProject
Project("{9A19103F-16F7-4668-BE54-9A1E7A4F7556}") = "5_MaxAndMin.Tests", "5_MaxAndMin.Tests\5_MaxAndMin.Tests.csproj", "{83717A72-6B49-46B6-88EB-1A1C23027FEA}"
EndProject
Project("{FAE04EC0-301F-11D3-BF4B-00C04F79EFBC}") = "6_PrintBinaryTriangle", "6_PrintBinaryTriangle\6_PrintBinaryTriangle.csproj", "{BB70EC53-D653-4BD5-AA3F-AC4BC7B0B8CD}"
EndProject
Project("{FAE04EC0-301F-11D3-BF4B-00C04F79EFBC}") = "6_PrintBinaryTriangle.Tests", "6_PrintBinaryTriangle.Tests\6_PrintBinaryTriangle.Tests.csproj", "{8C5F0461-CAA9-4B82-8C6D-E821ACCB1A6D}"
EndProject
Global
	GlobalSection(SolutionConfigurationPlatforms) = preSolution
		Debug|Any CPU = Debug|Any CPU
		Release|Any CPU = Release|Any CPU
	EndGlobalSection
	GlobalSection(ProjectConfigurationPlatforms) = postSolution
		{6380F459-1775-4385-AE0C-B2AB919CB361}.Debug|Any CPU.ActiveCfg = Debug|Any CPU
		{6380F459-1775-4385-AE0C-B2AB919CB361}.Debug|Any CPU.Build.0 = Debug|Any CPU
		{6380F459-1775-4385-AE0C-B2AB919CB361}.Release|Any CPU.ActiveCfg = Release|Any CPU
		{6380F459-1775-4385-AE0C-B2AB919CB361}.Release|Any CPU.Build.0 = Release|Any CPU
		{42F92F9A-03E3-4F29-B145-61431AE8D3E4}.Debug|Any CPU.ActiveCfg = Debug|Any CPU
		{42F92F9A-03E3-4F29-B145-61431AE8D3E4}.Debug|Any CPU.Build.0 = Debug|Any CPU
		{42F92F9A-03E3-4F29-B145-61431AE8D3E4}.Release|Any CPU.ActiveCfg = Release|Any CPU
		{42F92F9A-03E3-4F29-B145-61431AE8D3E4}.Release|Any CPU.Build.0 = Release|Any CPU
		{E8DF5E59-1D3A-4169-9684-4FDAD4F885C1}.Debug|Any CPU.ActiveCfg = Debug|Any CPU
		{E8DF5E59-1D3A-4169-9684-4FDAD4F885C1}.Debug|Any CPU.Build.0 = Debug|Any CPU
		{E8DF5E59-1D3A-4169-9684-4FDAD4F885C1}.Release|Any CPU.ActiveCfg = Release|Any CPU
		{E8DF5E59-1D3A-4169-9684-4FDAD4F885C1}.Release|Any CPU.Build.0 = Release|Any CPU
		{4E60F76F-479D-4E85-BE12-A8AF044E301F}.Debug|Any CPU.ActiveCfg = Debug|Any CPU
		{4E60F76F-479D-4E85-BE12-A8AF044E301F}.Debug|Any CPU.Build.0 = Debug|Any CPU
		{4E60F76F-479D-4E85-BE12-A8AF044E301F}.Release|Any CPU.ActiveCfg = Release|Any CPU
		{4E60F76F-479D-4E85-BE12-A8AF044E301F}.Release|Any CPU.Build.0 = Release|Any CPU
		{749EBFD4-0D0B-4C22-8816-834214FB4A97}.Debug|Any CPU.ActiveCfg = Debug|Any CPU
		{749EBFD4-0D0B-4C22-8816-834214FB4A97}.Debug|Any CPU.Build.0 = Debug|Any CPU
		{749EBFD4-0D0B-4C22-8816-834214FB4A97}.Release|Any CPU.ActiveCfg = Release|Any CPU
		{749EBFD4-0D0B-4C22-8816-834214FB4A97}.Release|Any CPU.Build.0 = Release|Any CPU
		{10D576CC-CEDC-4B96-B2AC-D2F101A52467}.Debug|Any CPU.ActiveCfg = Debug|Any CPU
		{10D576CC-CEDC-4B96-B2AC-D2F101A52467}.Debug|Any CPU.Build.0 = Debug|Any CPU
		{10D576CC-CEDC-4B96-B2AC-D2F101A52467}.Release|Any CPU.ActiveCfg = Release|Any CPU
		{10D576CC-CEDC-4B96-B2AC-D2F101A52467}.Release|Any CPU.Build.0 = Release|Any CPU
		{EAD3DA2F-E454-434A-9F9A-F2CFBD1B54ED}.Debug|Any CPU.ActiveCfg = Debug|Any CPU
		{EAD3DA2F-E454-434A-9F9A-F2CFBD1B54ED}.Debug|Any CPU.Build.0 = Debug|Any CPU
		{EAD3DA2F-E454-434A-9F9A-F2CFBD1B54ED}.Release|Any CPU.ActiveCfg = Release|Any CPU
		{EAD3DA2F-E454-434A-9F9A-F2CFBD1B54ED}.Release|Any CPU.Build.0 = Release|Any CPU
		{B93C4FD8-07A4-4BD6-8D90-A615B8404D1D}.Debug|Any CPU.ActiveCfg = Debug|Any CPU
		{B93C4FD8-07A4-4BD6-8D90-A615B8404D1D}.Debug|Any CPU.Build.0 = Debug|Any CPU
		{B93C4FD8-07A4-4BD6-8D90-A615B8404D1D}.Release|Any CPU.ActiveCfg = Release|Any CPU
		{B93C4FD8-07A4-4BD6-8D90-A615B8404D1D}.Release|Any CPU.Build.0 = Release|Any CPU
		{7B517191-BA2A-4BF6-BC27-B9C6C52B1F63}.Debug|Any CPU.ActiveCfg = Debug|Any CPU
		{7B517191-BA2A-4BF6-BC27-B9C6C52B1F63}.Debug|Any CPU.Build.0 = Debug|Any CPU
		{7B517191-BA2A-4BF6-BC27-B9C6C52B1F63}.Release|Any CPU.ActiveCfg = Release|Any CPU
		{7B517191-BA2A-4BF6-BC27-B9C6C52B1F63}.Release|Any CPU.Build.0 = Release|Any CPU
		{83717A72-6B49-46B6-88EB-1A1C23027FEA}.Debug|Any CPU.ActiveCfg = Debug|Any CPU
		{83717A72-6B49-46B6-88EB-1A1C23027FEA}.Debug|Any CPU.Build.0 = Debug|Any CPU
		{83717A72-6B49-46B6-88EB-1A1C23027FEA}.Release|Any CPU.ActiveCfg = Release|Any CPU
		{83717A72-6B49-46B6-88EB-1A1C23027FEA}.Release|Any CPU.Build.0 = Release|Any CPU
		{BB70EC53-D653-4BD5-AA3F-AC4BC7B0B8CD}.Debug|Any CPU.ActiveCfg = Debug|Any CPU
		{BB70EC53-D653-4BD5-AA3F-AC4BC7B0B8CD}.Debug|Any CPU.Build.0 = Debug|Any CPU
		{BB70EC53-D653-4BD5-AA3F-AC4BC7B0B8CD}.Release|Any CPU.ActiveCfg = Release|Any CPU
		{BB70EC53-D653-4BD5-AA3F-AC4BC7B0B8CD}.Release|Any CPU.Build.0 = Release|Any CPU
		{8C5F0461-CAA9-4B82-8C6D-E821ACCB1A6D}.Debug|Any CPU.ActiveCfg = Debug|Any CPU
		{8C5F0461-CAA9-4B82-8C6D-E821ACCB1A6D}.Debug|Any CPU.Build.0 = Debug|Any CPU
		{8C5F0461-CAA9-4B82-8C6D-E821ACCB1A6D}.Release|Any CPU.ActiveCfg = Release|Any CPU
		{8C5F0461-CAA9-4B82-8C6D-E821ACCB1A6D}.Release|Any CPU.Build.0 = Release|Any CPU
	EndGlobalSection
	GlobalSection(SolutionProperties) = preSolution
		HideSolutionNode = FALSE
	EndGlobalSection
	GlobalSection(ExtensibilityGlobals) = postSolution
		SolutionGuid = {F38D5495-3FD2-4533-8403-F3F4A309459A}
	EndGlobalSection
EndGlobal
