
Microsoft Visual Studio Solution File, Format Version 12.00
# Visual Studio Version 17
VisualStudioVersion = 17.0.31903.59
MinimumVisualStudioVersion = 10.0.40219.1
Project("{9A19103F-16F7-4668-BE54-9A1E7A4F7556}") = "2_SumOfOddNumbers", "2_SumOfOddNumbers\2_SumOfOddNumbers.csproj", "{E8DF5E59-1D3A-4169-9684-4FDAD4F885C1}"
EndProject
Project("{9A19103F-16F7-4668-BE54-9A1E7A4F7556}") = "2_SumOfOddNumbers.Tests", "2_SumOfOddNumbers.Tests\2_SumOfOddNumbers.Tests.csproj", "{4E60F76F-479D-4E85-BE12-A8AF044E301F}"
EndProject
Project("{9A19103F-16F7-4668-BE54-9A1E7A4F7556}") = "3_NumberToStringFormat", "3_NumberToStringFormat\3_NumberToStringFormat.csproj", "{749EBFD4-0D0B-4C22-8816-834214FB4A97}"
EndProject
Project("{9A19103F-16F7-4668-BE54-9A1E7A4F7556}") = "3_NumberToStringFormat.Tests", "3_NumberToStringFormat.Tests\3_NumberToStringFormat.Tests.csproj", "{10D576CC-CEDC-4B96-B2AC-D2F101A52467}"
EndProject
Project("{9A19103F-16F7-4668-BE54-9A1E7A4F7556}") = "4_LastSamplesOfNumber", "4_LastSamplesOfNumber\4_LastSamplesOfNumber.csproj", "{EAD3DA2F-E454-434A-9F9A-F2CFBD1B54ED}"
EndProject
Project("{9A19103F-16F7-4668-BE54-9A1E7A4F7556}") = "4_LastSamplesOfNumber.Tests", "4_LastSamplesOfNumber.Tests\4_LastSamplesOfNumber.Tests.csproj", "{B93C4FD8-07A4-4BD6-8D90-A615B8404D1D}"
EndProject
Project("{9A19103F-16F7-4668-BE54-9A1E7A4F7556}") = "5_MaxAndMin", "5_MaxAndMin\5_MaxAndMin.csproj", "{7B517191-BA2A-4BF6-BC27-B9C6C52B1F63}"
EndProject
Project("{9A19103F-16F7-4668-BE54-9A1E7A4F7556}") = "5_MaxAndMin.Tests", "5_MaxAndMin.Tests\5_MaxAndMin.Tests.csproj", "{83717A72-6B49-46B6-88EB-1A1C23027FEA}"
EndProject
Project("{9A19103F-16F7-4668-BE54-9A1E7A4F7556}") = "6_PrintBinaryTriangle", "6_PrintBinaryTriangle\6_PrintBinaryTriangle.csproj", "{BB70EC53-D653-4BD5-AA3F-AC4BC7B0B8CD}"
EndProject
Project("{9A19103F-16F7-4668-BE54-9A1E7A4F7556}") = "6_PrintBinaryTriangle.Tests", "6_PrintBinaryTriangle.Tests\6_PrintBinaryTriangle.Tests.csproj", "{8C5F0461-CAA9-4B82-8C6D-E821ACCB1A6D}"
EndProject
Project("{9A19103F-16F7-4668-BE54-9A1E7A4F7556}") = "7_NumberOfOccurence", "7_NumberOfOccurence\7_NumberOfOccurence.csproj", "{34DDDB07-D4A3-4D3D-9E36-9971B2EF5709}"
EndProject
Project("{9A19103F-16F7-4668-BE54-9A1E7A4F7556}") = "7_NumberOfOccurence.Tests", "7_NumberOfOccurence.Tests\7_NumberOfOccurence.Tests.csproj", "{E0E3B4CA-6CA2-43FB-A0C1-F2D761F05930}"
EndProject
Project("{9A19103F-16F7-4668-BE54-9A1E7A4F7556}") = "8_PrintRectangle", "8_PrintRectangle\8_PrintRectangle.csproj", "{5265889C-2C9D-46C0-B2C4-D63BF0316A8A}"
EndProject
Project("{9A19103F-16F7-4668-BE54-9A1E7A4F7556}") = "9_StatementReverse.Tests", "9_StatementReverse.Tests\9_StatementReverse.Tests.csproj", "{BC2257EF-C0C6-48A4-B67B-FF4B50F212E3}"
EndProject
Project("{9A19103F-16F7-4668-BE54-9A1E7A4F7556}") = "9_StatementReverse", "9_StatementReverse\9_StatementReverse.csproj", "{0B9B3783-63D9-4AF1-B678-4F3A0EC21D6F}"
EndProject
Project("{9A19103F-16F7-4668-BE54-9A1E7A4F7556}") = "01_ReverseArray", "01_ReverseArray\01_ReverseArray.csproj", "{7047590A-9040-47A0-BA96-14EDF8E70792}"
EndProject
Project("{9A19103F-16F7-4668-BE54-9A1E7A4F7556}") = "01_ReverseArray.Tests", "01_ReverseArray.Tests\01_ReverseArray.Tests.csproj", "{99325FB7-EA93-4DE2-8888-A70F31092053}"
EndProject
Project("{9A19103F-16F7-4668-BE54-9A1E7A4F7556}") = "11_SortThreeNumbers", "11_SortThreeNumbers\11_SortThreeNumbers.csproj", "{B5D2424C-C6BD-4655-B00E-4E93BFF4006A}"
EndProject
Project("{9A19103F-16F7-4668-BE54-9A1E7A4F7556}") = "11_SortThreeNumbers.Tests", "11_SortThreeNumbers.Tests\11_SortThreeNumbers.Tests.csproj", "{15702D13-F7C7-473D-AB91-127EBB2C97EC}"
EndProject
Project("{9A19103F-16F7-4668-BE54-9A1E7A4F7556}") = "12_AbundantNumbers", "12_AbundantNumbers\12_AbundantNumbers.csproj", "{6747B7D4-BC88-4BB2-9FDF-24A717F9E533}"
EndProject
Project("{9A19103F-16F7-4668-BE54-9A1E7A4F7556}") = "12_AbundantNumbers.Tests", "12_AbundantNumbers.Tests\12_AbundantNumbers.Tests.csproj", "{3CD54640-121A-457A-89F5-E799F3679ED1}"
EndProject
Project("{9A19103F-16F7-4668-BE54-9A1E7A4F7556}") = "13_CatesianToPolarCoordinates", "13_CatesianToPolarCoordinates\13_CatesianToPolarCoordinates.csproj", "{13B038FE-DFAC-45D7-B73B-C9B248EB5E37}"
EndProject
Project("{9A19103F-16F7-4668-BE54-9A1E7A4F7556}") = "13_CatesianToPolarCoordinates.Tests", "13_CatesianToPolarCoordinates.Tests\13_CatesianToPolarCoordinates.Tests.csproj", "{46F74F20-4A9C-445F-9998-4A7A15CEEB5F}"
EndProject
Project("{9A19103F-16F7-4668-BE54-9A1E7A4F7556}") = "14_IndianRupeesFormat", "14_IndianRupeesFormat\14_IndianRupeesFormat.csproj", "{F7D70DB2-E0C1-4273-9DD3-C7CE244D8B38}"
EndProject
Project("{9A19103F-16F7-4668-BE54-9A1E7A4F7556}") = "14_IndianRupeesFormat.Tests", "14_IndianRupeesFormat.Tests\14_IndianRupeesFormat.Tests.csproj", "{9D7199FA-06C5-4DF1-9FE5-5B446F3B5777}"
EndProject
Project("{9A19103F-16F7-4668-BE54-9A1E7A4F7556}") = "15_PerfectNumber", "15_PerfectNumber\15_PerfectNumber.csproj", "{5D0DFF94-EF9D-491F-AABE-6400A9120E40}"
EndProject
Project("{9A19103F-16F7-4668-BE54-9A1E7A4F7556}") = "15_PerfectNumber.Tests", "15_PerfectNumber.Tests\15_PerfectNumber.Tests.csproj", "{2FBF481F-F92D-421E-AB53-5B6F2366DD80}"
EndProject
Project("{FAE04EC0-301F-11D3-BF4B-00C04F79EFBC}") = "16_PrimeFactors", "16_PrimeFactors\16_PrimeFactors.csproj", "{E4DF6AAD-DFC2-4749-9B86-ACF691B546FB}"
EndProject
Project("{FAE04EC0-301F-11D3-BF4B-00C04F79EFBC}") = "16_PrimeFactors.Tests", "16_PrimeFactors.Tests\16_PrimeFactors.Tests.csproj", "{E4D8711B-0156-46F5-9ADD-84D7DA312F6E}"
EndProject
Global
	GlobalSection(SolutionConfigurationPlatforms) = preSolution
		Debug|Any CPU = Debug|Any CPU
		Release|Any CPU = Release|Any CPU
	EndGlobalSection
	GlobalSection(ProjectConfigurationPlatforms) = postSolution
		{E8DF5E59-1D3A-4169-9684-4FDAD4F885C1}.Debug|Any CPU.ActiveCfg = Debug|Any CPU
		{E8DF5E59-1D3A-4169-9684-4FDAD4F885C1}.Debug|Any CPU.Build.0 = Debug|Any CPU
		{E8DF5E59-1D3A-4169-9684-4FDAD4F885C1}.Release|Any CPU.ActiveCfg = Release|Any CPU
		{E8DF5E59-1D3A-4169-9684-4FDAD4F885C1}.Release|Any CPU.Build.0 = Release|Any CPU
		{4E60F76F-479D-4E85-BE12-A8AF044E301F}.Debug|Any CPU.ActiveCfg = Debug|Any CPU
		{4E60F76F-479D-4E85-BE12-A8AF044E301F}.Debug|Any CPU.Build.0 = Debug|Any CPU
		{4E60F76F-479D-4E85-BE12-A8AF044E301F}.Release|Any CPU.ActiveCfg = Release|Any CPU
		{4E60F76F-479D-4E85-BE12-A8AF044E301F}.Release|Any CPU.Build.0 = Release|Any CPU
		{749EBFD4-0D0B-4C22-8816-834214FB4A97}.Debug|Any CPU.ActiveCfg = Debug|Any CPU
		{749EBFD4-0D0B-4C22-8816-834214FB4A97}.Debug|Any CPU.Build.0 = Debug|Any CPU
		{749EBFD4-0D0B-4C22-8816-834214FB4A97}.Release|Any CPU.ActiveCfg = Release|Any CPU
		{749EBFD4-0D0B-4C22-8816-834214FB4A97}.Release|Any CPU.Build.0 = Release|Any CPU
		{10D576CC-CEDC-4B96-B2AC-D2F101A52467}.Debug|Any CPU.ActiveCfg = Debug|Any CPU
		{10D576CC-CEDC-4B96-B2AC-D2F101A52467}.Debug|Any CPU.Build.0 = Debug|Any CPU
		{10D576CC-CEDC-4B96-B2AC-D2F101A52467}.Release|Any CPU.ActiveCfg = Release|Any CPU
		{10D576CC-CEDC-4B96-B2AC-D2F101A52467}.Release|Any CPU.Build.0 = Release|Any CPU
		{EAD3DA2F-E454-434A-9F9A-F2CFBD1B54ED}.Debug|Any CPU.ActiveCfg = Debug|Any CPU
		{EAD3DA2F-E454-434A-9F9A-F2CFBD1B54ED}.Debug|Any CPU.Build.0 = Debug|Any CPU
		{EAD3DA2F-E454-434A-9F9A-F2CFBD1B54ED}.Release|Any CPU.ActiveCfg = Release|Any CPU
		{EAD3DA2F-E454-434A-9F9A-F2CFBD1B54ED}.Release|Any CPU.Build.0 = Release|Any CPU
		{B93C4FD8-07A4-4BD6-8D90-A615B8404D1D}.Debug|Any CPU.ActiveCfg = Debug|Any CPU
		{B93C4FD8-07A4-4BD6-8D90-A615B8404D1D}.Debug|Any CPU.Build.0 = Debug|Any CPU
		{B93C4FD8-07A4-4BD6-8D90-A615B8404D1D}.Release|Any CPU.ActiveCfg = Release|Any CPU
		{B93C4FD8-07A4-4BD6-8D90-A615B8404D1D}.Release|Any CPU.Build.0 = Release|Any CPU
		{7B517191-BA2A-4BF6-BC27-B9C6C52B1F63}.Debug|Any CPU.ActiveCfg = Debug|Any CPU
		{7B517191-BA2A-4BF6-BC27-B9C6C52B1F63}.Debug|Any CPU.Build.0 = Debug|Any CPU
		{7B517191-BA2A-4BF6-BC27-B9C6C52B1F63}.Release|Any CPU.ActiveCfg = Release|Any CPU
		{7B517191-BA2A-4BF6-BC27-B9C6C52B1F63}.Release|Any CPU.Build.0 = Release|Any CPU
		{83717A72-6B49-46B6-88EB-1A1C23027FEA}.Debug|Any CPU.ActiveCfg = Debug|Any CPU
		{83717A72-6B49-46B6-88EB-1A1C23027FEA}.Debug|Any CPU.Build.0 = Debug|Any CPU
		{83717A72-6B49-46B6-88EB-1A1C23027FEA}.Release|Any CPU.ActiveCfg = Release|Any CPU
		{83717A72-6B49-46B6-88EB-1A1C23027FEA}.Release|Any CPU.Build.0 = Release|Any CPU
		{BB70EC53-D653-4BD5-AA3F-AC4BC7B0B8CD}.Debug|Any CPU.ActiveCfg = Debug|Any CPU
		{BB70EC53-D653-4BD5-AA3F-AC4BC7B0B8CD}.Debug|Any CPU.Build.0 = Debug|Any CPU
		{BB70EC53-D653-4BD5-AA3F-AC4BC7B0B8CD}.Release|Any CPU.ActiveCfg = Release|Any CPU
		{BB70EC53-D653-4BD5-AA3F-AC4BC7B0B8CD}.Release|Any CPU.Build.0 = Release|Any CPU
		{8C5F0461-CAA9-4B82-8C6D-E821ACCB1A6D}.Debug|Any CPU.ActiveCfg = Debug|Any CPU
		{8C5F0461-CAA9-4B82-8C6D-E821ACCB1A6D}.Debug|Any CPU.Build.0 = Debug|Any CPU
		{8C5F0461-CAA9-4B82-8C6D-E821ACCB1A6D}.Release|Any CPU.ActiveCfg = Release|Any CPU
		{8C5F0461-CAA9-4B82-8C6D-E821ACCB1A6D}.Release|Any CPU.Build.0 = Release|Any CPU
		{34DDDB07-D4A3-4D3D-9E36-9971B2EF5709}.Debug|Any CPU.ActiveCfg = Debug|Any CPU
		{34DDDB07-D4A3-4D3D-9E36-9971B2EF5709}.Debug|Any CPU.Build.0 = Debug|Any CPU
		{34DDDB07-D4A3-4D3D-9E36-9971B2EF5709}.Release|Any CPU.ActiveCfg = Release|Any CPU
		{34DDDB07-D4A3-4D3D-9E36-9971B2EF5709}.Release|Any CPU.Build.0 = Release|Any CPU
		{E0E3B4CA-6CA2-43FB-A0C1-F2D761F05930}.Debug|Any CPU.ActiveCfg = Debug|Any CPU
		{E0E3B4CA-6CA2-43FB-A0C1-F2D761F05930}.Debug|Any CPU.Build.0 = Debug|Any CPU
		{E0E3B4CA-6CA2-43FB-A0C1-F2D761F05930}.Release|Any CPU.ActiveCfg = Release|Any CPU
		{E0E3B4CA-6CA2-43FB-A0C1-F2D761F05930}.Release|Any CPU.Build.0 = Release|Any CPU
		{5265889C-2C9D-46C0-B2C4-D63BF0316A8A}.Debug|Any CPU.ActiveCfg = Debug|Any CPU
		{5265889C-2C9D-46C0-B2C4-D63BF0316A8A}.Debug|Any CPU.Build.0 = Debug|Any CPU
		{5265889C-2C9D-46C0-B2C4-D63BF0316A8A}.Release|Any CPU.ActiveCfg = Release|Any CPU
		{5265889C-2C9D-46C0-B2C4-D63BF0316A8A}.Release|Any CPU.Build.0 = Release|Any CPU
		{BC2257EF-C0C6-48A4-B67B-FF4B50F212E3}.Debug|Any CPU.ActiveCfg = Debug|Any CPU
		{BC2257EF-C0C6-48A4-B67B-FF4B50F212E3}.Debug|Any CPU.Build.0 = Debug|Any CPU
		{BC2257EF-C0C6-48A4-B67B-FF4B50F212E3}.Release|Any CPU.ActiveCfg = Release|Any CPU
		{BC2257EF-C0C6-48A4-B67B-FF4B50F212E3}.Release|Any CPU.Build.0 = Release|Any CPU
		{0B9B3783-63D9-4AF1-B678-4F3A0EC21D6F}.Debug|Any CPU.ActiveCfg = Debug|Any CPU
		{0B9B3783-63D9-4AF1-B678-4F3A0EC21D6F}.Debug|Any CPU.Build.0 = Debug|Any CPU
		{0B9B3783-63D9-4AF1-B678-4F3A0EC21D6F}.Release|Any CPU.ActiveCfg = Release|Any CPU
		{0B9B3783-63D9-4AF1-B678-4F3A0EC21D6F}.Release|Any CPU.Build.0 = Release|Any CPU
		{7047590A-9040-47A0-BA96-14EDF8E70792}.Debug|Any CPU.ActiveCfg = Debug|Any CPU
		{7047590A-9040-47A0-BA96-14EDF8E70792}.Debug|Any CPU.Build.0 = Debug|Any CPU
		{7047590A-9040-47A0-BA96-14EDF8E70792}.Release|Any CPU.ActiveCfg = Release|Any CPU
		{7047590A-9040-47A0-BA96-14EDF8E70792}.Release|Any CPU.Build.0 = Release|Any CPU
		{99325FB7-EA93-4DE2-8888-A70F31092053}.Debug|Any CPU.ActiveCfg = Debug|Any CPU
		{99325FB7-EA93-4DE2-8888-A70F31092053}.Debug|Any CPU.Build.0 = Debug|Any CPU
		{99325FB7-EA93-4DE2-8888-A70F31092053}.Release|Any CPU.ActiveCfg = Release|Any CPU
		{99325FB7-EA93-4DE2-8888-A70F31092053}.Release|Any CPU.Build.0 = Release|Any CPU
		{B5D2424C-C6BD-4655-B00E-4E93BFF4006A}.Debug|Any CPU.ActiveCfg = Debug|Any CPU
		{B5D2424C-C6BD-4655-B00E-4E93BFF4006A}.Debug|Any CPU.Build.0 = Debug|Any CPU
		{B5D2424C-C6BD-4655-B00E-4E93BFF4006A}.Release|Any CPU.ActiveCfg = Release|Any CPU
		{B5D2424C-C6BD-4655-B00E-4E93BFF4006A}.Release|Any CPU.Build.0 = Release|Any CPU
		{15702D13-F7C7-473D-AB91-127EBB2C97EC}.Debug|Any CPU.ActiveCfg = Debug|Any CPU
		{15702D13-F7C7-473D-AB91-127EBB2C97EC}.Debug|Any CPU.Build.0 = Debug|Any CPU
		{15702D13-F7C7-473D-AB91-127EBB2C97EC}.Release|Any CPU.ActiveCfg = Release|Any CPU
		{15702D13-F7C7-473D-AB91-127EBB2C97EC}.Release|Any CPU.Build.0 = Release|Any CPU
		{6747B7D4-BC88-4BB2-9FDF-24A717F9E533}.Debug|Any CPU.ActiveCfg = Debug|Any CPU
		{6747B7D4-BC88-4BB2-9FDF-24A717F9E533}.Debug|Any CPU.Build.0 = Debug|Any CPU
		{6747B7D4-BC88-4BB2-9FDF-24A717F9E533}.Release|Any CPU.ActiveCfg = Release|Any CPU
		{6747B7D4-BC88-4BB2-9FDF-24A717F9E533}.Release|Any CPU.Build.0 = Release|Any CPU
		{3CD54640-121A-457A-89F5-E799F3679ED1}.Debug|Any CPU.ActiveCfg = Debug|Any CPU
		{3CD54640-121A-457A-89F5-E799F3679ED1}.Debug|Any CPU.Build.0 = Debug|Any CPU
		{3CD54640-121A-457A-89F5-E799F3679ED1}.Release|Any CPU.ActiveCfg = Release|Any CPU
		{3CD54640-121A-457A-89F5-E799F3679ED1}.Release|Any CPU.Build.0 = Release|Any CPU
		{13B038FE-DFAC-45D7-B73B-C9B248EB5E37}.Debug|Any CPU.ActiveCfg = Debug|Any CPU
		{13B038FE-DFAC-45D7-B73B-C9B248EB5E37}.Debug|Any CPU.Build.0 = Debug|Any CPU
		{13B038FE-DFAC-45D7-B73B-C9B248EB5E37}.Release|Any CPU.ActiveCfg = Release|Any CPU
		{13B038FE-DFAC-45D7-B73B-C9B248EB5E37}.Release|Any CPU.Build.0 = Release|Any CPU
		{46F74F20-4A9C-445F-9998-4A7A15CEEB5F}.Debug|Any CPU.ActiveCfg = Debug|Any CPU
		{46F74F20-4A9C-445F-9998-4A7A15CEEB5F}.Debug|Any CPU.Build.0 = Debug|Any CPU
		{46F74F20-4A9C-445F-9998-4A7A15CEEB5F}.Release|Any CPU.ActiveCfg = Release|Any CPU
		{46F74F20-4A9C-445F-9998-4A7A15CEEB5F}.Release|Any CPU.Build.0 = Release|Any CPU
		{F7D70DB2-E0C1-4273-9DD3-C7CE244D8B38}.Debug|Any CPU.ActiveCfg = Debug|Any CPU
		{F7D70DB2-E0C1-4273-9DD3-C7CE244D8B38}.Debug|Any CPU.Build.0 = Debug|Any CPU
		{F7D70DB2-E0C1-4273-9DD3-C7CE244D8B38}.Release|Any CPU.ActiveCfg = Release|Any CPU
		{F7D70DB2-E0C1-4273-9DD3-C7CE244D8B38}.Release|Any CPU.Build.0 = Release|Any CPU
		{9D7199FA-06C5-4DF1-9FE5-5B446F3B5777}.Debug|Any CPU.ActiveCfg = Debug|Any CPU
		{9D7199FA-06C5-4DF1-9FE5-5B446F3B5777}.Debug|Any CPU.Build.0 = Debug|Any CPU
		{9D7199FA-06C5-4DF1-9FE5-5B446F3B5777}.Release|Any CPU.ActiveCfg = Release|Any CPU
		{9D7199FA-06C5-4DF1-9FE5-5B446F3B5777}.Release|Any CPU.Build.0 = Release|Any CPU
		{5D0DFF94-EF9D-491F-AABE-6400A9120E40}.Debug|Any CPU.ActiveCfg = Debug|Any CPU
		{5D0DFF94-EF9D-491F-AABE-6400A9120E40}.Debug|Any CPU.Build.0 = Debug|Any CPU
		{5D0DFF94-EF9D-491F-AABE-6400A9120E40}.Release|Any CPU.ActiveCfg = Release|Any CPU
		{5D0DFF94-EF9D-491F-AABE-6400A9120E40}.Release|Any CPU.Build.0 = Release|Any CPU
		{2FBF481F-F92D-421E-AB53-5B6F2366DD80}.Debug|Any CPU.ActiveCfg = Debug|Any CPU
		{2FBF481F-F92D-421E-AB53-5B6F2366DD80}.Debug|Any CPU.Build.0 = Debug|Any CPU
		{2FBF481F-F92D-421E-AB53-5B6F2366DD80}.Release|Any CPU.ActiveCfg = Release|Any CPU
		{2FBF481F-F92D-421E-AB53-5B6F2366DD80}.Release|Any CPU.Build.0 = Release|Any CPU
		{E4DF6AAD-DFC2-4749-9B86-ACF691B546FB}.Debug|Any CPU.ActiveCfg = Debug|Any CPU
		{E4DF6AAD-DFC2-4749-9B86-ACF691B546FB}.Debug|Any CPU.Build.0 = Debug|Any CPU
		{E4DF6AAD-DFC2-4749-9B86-ACF691B546FB}.Release|Any CPU.ActiveCfg = Release|Any CPU
		{E4DF6AAD-DFC2-4749-9B86-ACF691B546FB}.Release|Any CPU.Build.0 = Release|Any CPU
		{E4D8711B-0156-46F5-9ADD-84D7DA312F6E}.Debug|Any CPU.ActiveCfg = Debug|Any CPU
		{E4D8711B-0156-46F5-9ADD-84D7DA312F6E}.Debug|Any CPU.Build.0 = Debug|Any CPU
		{E4D8711B-0156-46F5-9ADD-84D7DA312F6E}.Release|Any CPU.ActiveCfg = Release|Any CPU
		{E4D8711B-0156-46F5-9ADD-84D7DA312F6E}.Release|Any CPU.Build.0 = Release|Any CPU
	EndGlobalSection
	GlobalSection(SolutionProperties) = preSolution
		HideSolutionNode = FALSE
	EndGlobalSection
	GlobalSection(ExtensibilityGlobals) = postSolution
		SolutionGuid = {F38D5495-3FD2-4533-8403-F3F4A309459A}
	EndGlobalSection
EndGlobal
